{
  "format_version": "1.2",
  "terraform_version": "1.5.7",
  "variables": {
    "aws_ami_images": {
      "value": [
        "ubuntu/images/hvm-ssd/ubuntu-jammy-22.04-amd64-server-*"
      ]
    },
    "aws_ami_kube_control_images": {
      "value": [
        "kube-control-*"
      ]
    },
    "aws_ami_kube_worker_images": {
      "value": [
        "kube-worker-*"
      ]
    },
    "aws_ami_owners": {
      "value": [
        "099720109477"
      ]
    },
    "aws_az_1": {
      "value": "us-east-1b"
    },
    "aws_region": {
      "value": "us-east-1"
    },
    "bastion_disable_api_termination": {
      "value": "false"
    },
    "bastion_instance_type": {
      "value": "t2.micro"
    },
    "cidr_bastion": {
      "value": "10.0.3.0/28"
    },
    "cidr_kube_workers": {
      "value": "10.0.5.0/24"
    },
    "kub_worker_instance_type": {
      "value": "t2.medium"
    },
    "kube_controller_ip": {
      "value": "10.0.5.10"
    },
    "kube_workers_ips": {
      "value": {
        "0": "10.0.5.102",
        "1": "10.0.5.103"
      }
    },
    "project_name": {
      "value": "aws-kube-sandbox"
    },
    "ssh_pub_key_path": {
      "value": "~/.ssh/id_rsa.pub"
    },
    "vpc_cidr": {
      "value": "10.0.0.0/16"
    },
    "vpc_ipv6_netmask_length": {
      "value": "56"
    }
  },
  "planned_values": {
    "outputs": {
      "bastion__output": {
        "sensitive": false,
        "type": "string",
        "value": "============ Bastion output =================="
      },
      "bastion_ipv6": {
        "sensitive": false
      },
      "bastion_private_ip": {
        "sensitive": false
      },
      "general__output": {
        "sensitive": false,
        "type": "string",
        "value": "============ General output =================="
      },
      "general_ami_vpc": {
        "sensitive": false
      },
      "general_ingress_ip_v4": {
        "sensitive": false,
        "type": "string",
        "value": "138.128.136.167/32"
      },
      "general_ingress_ip_v6": {
        "sensitive": false,
        "type": "string",
        "value": "2a04:c603:815:1::3/128"
      },
      "kub__output": {
        "sensitive": false,
        "type": "string",
        "value": "============ Kub workers output =================="
      },
      "kub_controller_private_ip": {
        "sensitive": false,
        "type": "string",
        "value": "10.0.5.10"
      },
      "kub_worker_private_ip": {
        "sensitive": false,
        "type": [
          "tuple",
          [
            "string",
            "string"
          ]
        ],
        "value": [
          "10.0.5.102",
          "10.0.5.103"
        ]
      },
      "sn_bastion": {
        "sensitive": false
      }
    },
    "root_module": {
      "resources": [
        {
          "address": "aws_key_pair.terraform_pub_key",
          "mode": "managed",
          "type": "aws_key_pair",
          "name": "terraform_pub_key",
          "provider_name": "registry.terraform.io/hashicorp/aws",
          "schema_version": 1,
          "values": {
            "key_name": "aws_terraform",
            "public_key": "ssh-rsa AAAAB3NzaC1yc2EAAAADAQABAAABAQDObCefQwka+ktNf5RcYN4Iq12tgEd8fRtgLk8+d0DciOurMOTIByUJcrwTUJqSNoH6m2A8FqbZBvnC5meMITg54HMIqW8jhEdvLXZWpsTm1kHA9m88Sx9e2u34/ZGTGBFrUH9IKVnpTvfMKwnbE8cSBbDf0GyKphCK8hoSEV5xD2ZtleT1wOBfSTurUCIQBpHQt7cXvKvLDjPalJwisWQA1d/lkFGESnLbamJqw4vYWmS/OrI0S4yzsurp4YfEv+rZUIHpVKZsA6lF0c1ZyX8XI0fvIMVVcdAerxjpjFbqN34jHeBC9ymrEhcxHogSyHvZGBvMIYSiLHmYIzYfeQSB dvogt@mi7.local",
            "tags": {
              "Name": "aws-kube-sandbox"
            },
            "tags_all": {
              "Name": "aws-kube-sandbox"
            }
          },
          "sensitive_values": {
            "tags": {},
            "tags_all": {}
          }
        }
      ],
      "child_modules": [
        {
          "resources": [
            {
              "address": "module.bastion.aws_eip.bastion",
              "mode": "managed",
              "type": "aws_eip",
              "name": "bastion",
              "provider_name": "registry.terraform.io/hashicorp/aws",
              "schema_version": 0,
              "values": {
                "address": null,
                "associate_with_private_ip": null,
                "customer_owned_ipv4_pool": null,
                "tags": null,
                "timeouts": null,
                "vpc": true
              },
              "sensitive_values": {
                "tags_all": {}
              }
            },
            {
              "address": "module.bastion.aws_eip_association.bastion",
              "mode": "managed",
              "type": "aws_eip_association",
              "name": "bastion",
              "provider_name": "registry.terraform.io/hashicorp/aws",
              "schema_version": 0,
              "values": {
                "allow_reassociation": null
              },
              "sensitive_values": {}
            },
            {
              "address": "module.bastion.aws_instance.bastion",
              "mode": "managed",
              "type": "aws_instance",
              "name": "bastion",
              "provider_name": "registry.terraform.io/hashicorp/aws",
              "schema_version": 1,
              "values": {
                "ami": "ami-0c38efb4f5f15205f",
                "credit_specification": [],
                "disable_api_termination": false,
                "get_password_data": false,
                "hibernation": null,
                "instance_type": "t2.micro",
                "ipv6_address_count": 1,
                "launch_template": [],
                "source_dest_check": true,
                "tags": {
                  "Name": "aws-kube-sandbox cp-bastion",
                  "Type": "public"
                },
                "tags_all": {
                  "Name": "aws-kube-sandbox cp-bastion",
                  "Type": "public"
                },
                "timeouts": {
                  "create": "15m",
                  "delete": "20m",
                  "update": null
                },
                "user_data_replace_on_change": false,
                "volume_tags": null
              },
              "sensitive_values": {
                "capacity_reservation_specification": [],
                "cpu_options": [],
                "credit_specification": [],
                "ebs_block_device": [],
                "enclave_options": [],
                "ephemeral_block_device": [],
                "ipv6_addresses": [],
                "launch_template": [],
                "maintenance_options": [],
                "metadata_options": [],
                "network_interface": [],
                "private_dns_name_options": [],
                "root_block_device": [],
                "secondary_private_ips": [],
                "security_groups": [],
                "tags": {},
                "tags_all": {},
                "timeouts": {},
                "vpc_security_group_ids": []
              }
            },
            {
              "address": "module.bastion.aws_security_group.sg_bastion",
              "mode": "managed",
              "type": "aws_security_group",
              "name": "sg_bastion",
              "provider_name": "registry.terraform.io/hashicorp/aws",
              "schema_version": 1,
              "values": {
                "description": "aws-kube-sandbox bastion",
                "name": "sg_bastion",
                "revoke_rules_on_delete": false,
                "tags": {
                  "Name": "aws-kube-sandbox cp-bastion"
                },
                "tags_all": {
                  "Name": "aws-kube-sandbox cp-bastion"
                },
                "timeouts": null
              },
              "sensitive_values": {
                "egress": [],
                "ingress": [],
                "tags": {},
                "tags_all": {}
              }
            },
            {
              "address": "module.bastion.aws_vpc_security_group_egress_rule.egress_ipv4_443",
              "mode": "managed",
              "type": "aws_vpc_security_group_egress_rule",
              "name": "egress_ipv4_443",
              "provider_name": "registry.terraform.io/hashicorp/aws",
              "schema_version": 0,
              "values": {
                "cidr_ipv4": "0.0.0.0/0",
                "cidr_ipv6": null,
                "description": "egress_ipv4_443",
                "from_port": 443,
                "ip_protocol": "tcp",
                "prefix_list_id": null,
                "referenced_security_group_id": null,
                "tags": {
                  "Name": "aws-kube-sandbox cp-bastion"
                },
                "tags_all": {
                  "Name": "aws-kube-sandbox cp-bastion"
                },
                "to_port": 443
              },
              "sensitive_values": {
                "tags": {},
                "tags_all": {}
              }
            },
            {
              "address": "module.bastion.aws_vpc_security_group_egress_rule.egress_ipv4_80",
              "mode": "managed",
              "type": "aws_vpc_security_group_egress_rule",
              "name": "egress_ipv4_80",
              "provider_name": "registry.terraform.io/hashicorp/aws",
              "schema_version": 0,
              "values": {
                "cidr_ipv4": "0.0.0.0/0",
                "cidr_ipv6": null,
                "description": "egress_ipv4_80",
                "from_port": 80,
                "ip_protocol": "tcp",
                "prefix_list_id": null,
                "referenced_security_group_id": null,
                "tags": {
                  "Name": "aws-kube-sandbox cp-bastion"
                },
                "tags_all": {
                  "Name": "aws-kube-sandbox cp-bastion"
                },
                "to_port": 80
              },
              "sensitive_values": {
                "tags": {},
                "tags_all": {}
              }
            },
            {
              "address": "module.bastion.aws_vpc_security_group_egress_rule.egress_ipv4_icmp",
              "mode": "managed",
              "type": "aws_vpc_security_group_egress_rule",
              "name": "egress_ipv4_icmp",
              "provider_name": "registry.terraform.io/hashicorp/aws",
              "schema_version": 0,
              "values": {
                "cidr_ipv4": "0.0.0.0/0",
                "cidr_ipv6": null,
                "description": "egress_ipv4_icmp",
                "from_port": -1,
                "ip_protocol": "icmp",
                "prefix_list_id": null,
                "referenced_security_group_id": null,
                "tags": {
                  "Name": "aws-kube-sandbox cp-bastion"
                },
                "tags_all": {
                  "Name": "aws-kube-sandbox cp-bastion"
                },
                "to_port": -1
              },
              "sensitive_values": {
                "tags": {},
                "tags_all": {}
              }
            },
            {
              "address": "module.bastion.aws_vpc_security_group_egress_rule.egress_ipv6_443",
              "mode": "managed",
              "type": "aws_vpc_security_group_egress_rule",
              "name": "egress_ipv6_443",
              "provider_name": "registry.terraform.io/hashicorp/aws",
              "schema_version": 0,
              "values": {
                "cidr_ipv4": null,
                "cidr_ipv6": "::/0",
                "description": "egress_ipv6_443",
                "from_port": 443,
                "ip_protocol": "tcp",
                "prefix_list_id": null,
                "referenced_security_group_id": null,
                "tags": {
                  "Name": "aws-kube-sandbox cp-bastion"
                },
                "tags_all": {
                  "Name": "aws-kube-sandbox cp-bastion"
                },
                "to_port": 443
              },
              "sensitive_values": {
                "tags": {},
                "tags_all": {}
              }
            },
            {
              "address": "module.bastion.aws_vpc_security_group_egress_rule.egress_ipv6_80",
              "mode": "managed",
              "type": "aws_vpc_security_group_egress_rule",
              "name": "egress_ipv6_80",
              "provider_name": "registry.terraform.io/hashicorp/aws",
              "schema_version": 0,
              "values": {
                "cidr_ipv4": null,
                "cidr_ipv6": "::/0",
                "description": "egress_ipv6_80 ",
                "from_port": 80,
                "ip_protocol": "tcp",
                "prefix_list_id": null,
                "referenced_security_group_id": null,
                "tags": {
                  "Name": "aws-kube-sandbox cp-bastion"
                },
                "tags_all": {
                  "Name": "aws-kube-sandbox cp-bastion"
                },
                "to_port": 80
              },
              "sensitive_values": {
                "tags": {},
                "tags_all": {}
              }
            },
            {
              "address": "module.bastion.aws_vpc_security_group_egress_rule.egress_ipv6_icmp",
              "mode": "managed",
              "type": "aws_vpc_security_group_egress_rule",
              "name": "egress_ipv6_icmp",
              "provider_name": "registry.terraform.io/hashicorp/aws",
              "schema_version": 0,
              "values": {
                "cidr_ipv4": null,
                "cidr_ipv6": "::/0",
                "description": "egress_ipv6_icmp",
                "from_port": -1,
                "ip_protocol": "icmpv6",
                "prefix_list_id": null,
                "referenced_security_group_id": null,
                "tags": {
                  "Name": "aws-kube-sandbox cp-bastion"
                },
                "tags_all": {
                  "Name": "aws-kube-sandbox cp-bastion"
                },
                "to_port": -1
              },
              "sensitive_values": {
                "tags": {},
                "tags_all": {}
              }
            },
            {
              "address": "module.bastion.aws_vpc_security_group_egress_rule.egress_ssh_kub_sg",
              "mode": "managed",
              "type": "aws_vpc_security_group_egress_rule",
              "name": "egress_ssh_kub_sg",
              "provider_name": "registry.terraform.io/hashicorp/aws",
              "schema_version": 0,
              "values": {
                "cidr_ipv4": null,
                "cidr_ipv6": null,
                "description": "egress_ssh_kub_sg",
                "from_port": 22,
                "ip_protocol": "tcp",
                "prefix_list_id": null,
                "tags": {
                  "Name": "aws-kube-sandbox cp-bastion"
                },
                "tags_all": {
                  "Name": "aws-kube-sandbox cp-bastion"
                },
                "to_port": 22
              },
              "sensitive_values": {
                "tags": {},
                "tags_all": {}
              }
            },
            {
              "address": "module.bastion.aws_vpc_security_group_ingress_rule.ingress_ipv4_icmp_client",
              "mode": "managed",
              "type": "aws_vpc_security_group_ingress_rule",
              "name": "ingress_ipv4_icmp_client",
              "provider_name": "registry.terraform.io/hashicorp/aws",
              "schema_version": 0,
              "values": {
                "cidr_ipv4": "138.128.136.167/32",
                "cidr_ipv6": null,
                "description": "ingress_icmp_client",
                "from_port": -1,
                "ip_protocol": "icmp",
                "prefix_list_id": null,
                "referenced_security_group_id": null,
                "tags": {
                  "Name": "aws-kube-sandbox cp-bastion"
                },
                "tags_all": {
                  "Name": "aws-kube-sandbox cp-bastion"
                },
                "to_port": -1
              },
              "sensitive_values": {
                "tags": {},
                "tags_all": {}
              }
            },
            {
              "address": "module.bastion.aws_vpc_security_group_ingress_rule.ingress_ipv4_icmp_kub_sg",
              "mode": "managed",
              "type": "aws_vpc_security_group_ingress_rule",
              "name": "ingress_ipv4_icmp_kub_sg",
              "provider_name": "registry.terraform.io/hashicorp/aws",
              "schema_version": 0,
              "values": {
                "cidr_ipv4": null,
                "cidr_ipv6": null,
                "description": "ingress_icmp_kub_sg",
                "from_port": -1,
                "ip_protocol": "icmp",
                "prefix_list_id": null,
                "tags": {
                  "Name": "aws-kube-sandbox cp-bastion"
                },
                "tags_all": {
                  "Name": "aws-kube-sandbox cp-bastion"
                },
                "to_port": -1
              },
              "sensitive_values": {
                "tags": {},
                "tags_all": {}
              }
            },
            {
              "address": "module.bastion.aws_vpc_security_group_ingress_rule.ingress_ipv4_ssh_client",
              "mode": "managed",
              "type": "aws_vpc_security_group_ingress_rule",
              "name": "ingress_ipv4_ssh_client",
              "provider_name": "registry.terraform.io/hashicorp/aws",
              "schema_version": 0,
              "values": {
                "cidr_ipv4": "138.128.136.167/32",
                "cidr_ipv6": null,
                "description": "SSH from your workstation using IPv6",
                "from_port": 22,
                "ip_protocol": "tcp",
                "prefix_list_id": null,
                "referenced_security_group_id": null,
                "tags": {
                  "Name": "aws-kube-sandbox cp-bastion"
                },
                "tags_all": {
                  "Name": "aws-kube-sandbox cp-bastion"
                },
                "to_port": 22
              },
              "sensitive_values": {
                "tags": {},
                "tags_all": {}
              }
            },
            {
              "address": "module.bastion.aws_vpc_security_group_ingress_rule.ingress_ipv6_icmp_client",
              "mode": "managed",
              "type": "aws_vpc_security_group_ingress_rule",
              "name": "ingress_ipv6_icmp_client",
              "provider_name": "registry.terraform.io/hashicorp/aws",
              "schema_version": 0,
              "values": {
                "cidr_ipv4": null,
                "cidr_ipv6": "2a04:c603:815:1::3/128",
                "description": "ICMP from your workstation using IPv6",
                "from_port": -1,
                "ip_protocol": "icmpv6",
                "prefix_list_id": null,
                "referenced_security_group_id": null,
                "tags": {
                  "Name": "aws-kube-sandbox cp-bastion"
                },
                "tags_all": {
                  "Name": "aws-kube-sandbox cp-bastion"
                },
                "to_port": -1
              },
              "sensitive_values": {
                "tags": {},
                "tags_all": {}
              }
            },
            {
              "address": "module.bastion.aws_vpc_security_group_ingress_rule.ingress_ipv6_ssh_client",
              "mode": "managed",
              "type": "aws_vpc_security_group_ingress_rule",
              "name": "ingress_ipv6_ssh_client",
              "provider_name": "registry.terraform.io/hashicorp/aws",
              "schema_version": 0,
              "values": {
                "cidr_ipv4": null,
                "cidr_ipv6": "2a04:c603:815:1::3/128",
                "description": "SSH from your workstation using IPv6",
                "from_port": 22,
                "ip_protocol": "tcp",
                "prefix_list_id": null,
                "referenced_security_group_id": null,
                "tags": {
                  "Name": "aws-kube-sandbox cp-bastion"
                },
                "tags_all": {
                  "Name": "aws-kube-sandbox cp-bastion"
                },
                "to_port": 22
              },
              "sensitive_values": {
                "tags": {},
                "tags_all": {}
              }
            },
            {
              "address": "module.bastion.aws_vpc_security_group_ingress_rule.ingress_ssh_kub_sg",
              "mode": "managed",
              "type": "aws_vpc_security_group_ingress_rule",
              "name": "ingress_ssh_kub_sg",
              "provider_name": "registry.terraform.io/hashicorp/aws",
              "schema_version": 0,
              "values": {
                "cidr_ipv4": null,
                "cidr_ipv6": null,
                "description": "SSH from your workstation using IPv4",
                "from_port": 22,
                "ip_protocol": "tcp",
                "prefix_list_id": null,
                "tags": {
                  "Name": "aws-kube-sandbox cp-bastion"
                },
                "tags_all": {
                  "Name": "aws-kube-sandbox cp-bastion"
                },
                "to_port": 22
              },
              "sensitive_values": {
                "tags": {},
                "tags_all": {}
              }
            }
          ],
          "address": "module.bastion"
        },
        {
          "resources": [
            {
              "address": "module.kub-workers.aws_instance.kub_controller",
              "mode": "managed",
              "type": "aws_instance",
              "name": "kub_controller",
              "provider_name": "registry.terraform.io/hashicorp/aws",
              "schema_version": 1,
              "values": {
                "ami": "ami-0ae4678168a1ce28b",
                "credit_specification": [],
                "get_password_data": false,
                "hibernation": null,
                "instance_type": "t2.medium",
                "launch_template": [],
                "private_ip": "10.0.5.10",
                "source_dest_check": true,
                "tags": {
                  "Name": "kub_controller",
                  "Type": "private"
                },
                "tags_all": {
                  "Name": "kub_controller",
                  "Type": "private"
                },
                "timeouts": {
                  "create": "15m",
                  "delete": "20m",
                  "update": null
                },
                "user_data_replace_on_change": false,
                "volume_tags": null
              },
              "sensitive_values": {
                "capacity_reservation_specification": [],
                "cpu_options": [],
                "credit_specification": [],
                "ebs_block_device": [],
                "enclave_options": [],
                "ephemeral_block_device": [],
                "ipv6_addresses": [],
                "launch_template": [],
                "maintenance_options": [],
                "metadata_options": [],
                "network_interface": [],
                "private_dns_name_options": [],
                "root_block_device": [],
                "secondary_private_ips": [],
                "security_groups": [],
                "tags": {},
                "tags_all": {},
                "timeouts": {},
                "vpc_security_group_ids": []
              }
            },
            {
              "address": "module.kub-workers.aws_instance.kub_worker[0]",
              "mode": "managed",
              "type": "aws_instance",
              "name": "kub_worker",
              "index": 0,
              "provider_name": "registry.terraform.io/hashicorp/aws",
              "schema_version": 1,
              "values": {
                "ami": "ami-08086ff84658b5773",
                "credit_specification": [],
                "get_password_data": false,
                "hibernation": null,
                "instance_type": "t2.medium",
                "launch_template": [],
                "private_ip": "10.0.5.102",
                "source_dest_check": true,
                "tags": {
                  "Name": "kub_worker 0",
                  "Type": "private"
                },
                "tags_all": {
                  "Name": "kub_worker 0",
                  "Type": "private"
                },
                "timeouts": {
                  "create": "15m",
                  "delete": "20m",
                  "update": null
                },
                "user_data_replace_on_change": false,
                "volume_tags": null
              },
              "sensitive_values": {
                "capacity_reservation_specification": [],
                "cpu_options": [],
                "credit_specification": [],
                "ebs_block_device": [],
                "enclave_options": [],
                "ephemeral_block_device": [],
                "ipv6_addresses": [],
                "launch_template": [],
                "maintenance_options": [],
                "metadata_options": [],
                "network_interface": [],
                "private_dns_name_options": [],
                "root_block_device": [],
                "secondary_private_ips": [],
                "security_groups": [],
                "tags": {},
                "tags_all": {},
                "timeouts": {},
                "vpc_security_group_ids": []
              }
            },
            {
              "address": "module.kub-workers.aws_instance.kub_worker[1]",
              "mode": "managed",
              "type": "aws_instance",
              "name": "kub_worker",
              "index": 1,
              "provider_name": "registry.terraform.io/hashicorp/aws",
              "schema_version": 1,
              "values": {
                "ami": "ami-08086ff84658b5773",
                "credit_specification": [],
                "get_password_data": false,
                "hibernation": null,
                "instance_type": "t2.medium",
                "launch_template": [],
                "private_ip": "10.0.5.103",
                "source_dest_check": true,
                "tags": {
                  "Name": "kub_worker 1",
                  "Type": "private"
                },
                "tags_all": {
                  "Name": "kub_worker 1",
                  "Type": "private"
                },
                "timeouts": {
                  "create": "15m",
                  "delete": "20m",
                  "update": null
                },
                "user_data_replace_on_change": false,
                "volume_tags": null
              },
              "sensitive_values": {
                "capacity_reservation_specification": [],
                "cpu_options": [],
                "credit_specification": [],
                "ebs_block_device": [],
                "enclave_options": [],
                "ephemeral_block_device": [],
                "ipv6_addresses": [],
                "launch_template": [],
                "maintenance_options": [],
                "metadata_options": [],
                "network_interface": [],
                "private_dns_name_options": [],
                "root_block_device": [],
                "secondary_private_ips": [],
                "security_groups": [],
                "tags": {},
                "tags_all": {},
                "timeouts": {},
                "vpc_security_group_ids": []
              }
            },
            {
              "address": "module.kub-workers.aws_security_group.sg_kub_workers",
              "mode": "managed",
              "type": "aws_security_group",
              "name": "sg_kub_workers",
              "provider_name": "registry.terraform.io/hashicorp/aws",
              "schema_version": 1,
              "values": {
                "description": "aws-kube-sandbox kub-workers",
                "name": "sg_kub_workers",
                "revoke_rules_on_delete": false,
                "tags": {
                  "Name": "aws-kube-sandbox kub-workers"
                },
                "tags_all": {
                  "Name": "aws-kube-sandbox kub-workers"
                },
                "timeouts": null
              },
              "sensitive_values": {
                "egress": [],
                "ingress": [],
                "tags": {},
                "tags_all": {}
              }
            },
            {
              "address": "module.kub-workers.aws_vpc_security_group_egress_rule.egress_all_kub_sg",
              "mode": "managed",
              "type": "aws_vpc_security_group_egress_rule",
              "name": "egress_all_kub_sg",
              "provider_name": "registry.terraform.io/hashicorp/aws",
              "schema_version": 0,
              "values": {
                "cidr_ipv4": null,
                "cidr_ipv6": null,
                "description": "egress_all_kub_sg",
                "from_port": null,
                "ip_protocol": "-1",
                "prefix_list_id": null,
                "tags": {
                  "Name": "aws-kube-sandbox kub-workers"
                },
                "tags_all": {
                  "Name": "aws-kube-sandbox kub-workers"
                },
                "to_port": null
              },
              "sensitive_values": {
                "tags": {},
                "tags_all": {}
              }
            },
            {
              "address": "module.kub-workers.aws_vpc_security_group_egress_rule.egress_ipv4_443",
              "mode": "managed",
              "type": "aws_vpc_security_group_egress_rule",
              "name": "egress_ipv4_443",
              "provider_name": "registry.terraform.io/hashicorp/aws",
              "schema_version": 0,
              "values": {
                "cidr_ipv4": "0.0.0.0/0",
                "cidr_ipv6": null,
                "description": "egress_ipv4_443",
                "from_port": 443,
                "ip_protocol": "tcp",
                "prefix_list_id": null,
                "referenced_security_group_id": null,
                "tags": {
                  "Name": "aws-kube-sandbox kub-workers"
                },
                "tags_all": {
                  "Name": "aws-kube-sandbox kub-workers"
                },
                "to_port": 443
              },
              "sensitive_values": {
                "tags": {},
                "tags_all": {}
              }
            },
            {
              "address": "module.kub-workers.aws_vpc_security_group_egress_rule.egress_ipv4_80",
              "mode": "managed",
              "type": "aws_vpc_security_group_egress_rule",
              "name": "egress_ipv4_80",
              "provider_name": "registry.terraform.io/hashicorp/aws",
              "schema_version": 0,
              "values": {
                "cidr_ipv4": "0.0.0.0/0",
                "cidr_ipv6": null,
                "description": "egress_ipv4_80",
                "from_port": 80,
                "ip_protocol": "tcp",
                "prefix_list_id": null,
                "referenced_security_group_id": null,
                "tags": {
                  "Name": "aws-kube-sandbox kub-workers"
                },
                "tags_all": {
                  "Name": "aws-kube-sandbox kub-workers"
                },
                "to_port": 80
              },
              "sensitive_values": {
                "tags": {},
                "tags_all": {}
              }
            },
            {
              "address": "module.kub-workers.aws_vpc_security_group_egress_rule.egress_ipv4_icmp",
              "mode": "managed",
              "type": "aws_vpc_security_group_egress_rule",
              "name": "egress_ipv4_icmp",
              "provider_name": "registry.terraform.io/hashicorp/aws",
              "schema_version": 0,
              "values": {
                "cidr_ipv4": "0.0.0.0/0",
                "cidr_ipv6": null,
                "description": "egress_ipv4_icmp",
                "from_port": -1,
                "ip_protocol": "icmp",
                "prefix_list_id": null,
                "referenced_security_group_id": null,
                "tags": {
                  "Name": "aws-kube-sandbox kub-workers"
                },
                "tags_all": {
                  "Name": "aws-kube-sandbox kub-workers"
                },
                "to_port": -1
              },
              "sensitive_values": {
                "tags": {},
                "tags_all": {}
              }
            },
            {
              "address": "module.kub-workers.aws_vpc_security_group_egress_rule.egress_ipv6_443",
              "mode": "managed",
              "type": "aws_vpc_security_group_egress_rule",
              "name": "egress_ipv6_443",
              "provider_name": "registry.terraform.io/hashicorp/aws",
              "schema_version": 0,
              "values": {
                "cidr_ipv4": null,
                "cidr_ipv6": "::/0",
                "description": "egress_ipv6_443",
                "from_port": 443,
                "ip_protocol": "tcp",
                "prefix_list_id": null,
                "referenced_security_group_id": null,
                "tags": {
                  "Name": "aws-kube-sandbox kub-workers"
                },
                "tags_all": {
                  "Name": "aws-kube-sandbox kub-workers"
                },
                "to_port": 443
              },
              "sensitive_values": {
                "tags": {},
                "tags_all": {}
              }
            },
            {
              "address": "module.kub-workers.aws_vpc_security_group_egress_rule.egress_ipv6_80",
              "mode": "managed",
              "type": "aws_vpc_security_group_egress_rule",
              "name": "egress_ipv6_80",
              "provider_name": "registry.terraform.io/hashicorp/aws",
              "schema_version": 0,
              "values": {
                "cidr_ipv4": null,
                "cidr_ipv6": "::/0",
                "description": "egress_ipv6_80 ",
                "from_port": 80,
                "ip_protocol": "tcp",
                "prefix_list_id": null,
                "referenced_security_group_id": null,
                "tags": {
                  "Name": "aws-kube-sandbox kub-workers"
                },
                "tags_all": {
                  "Name": "aws-kube-sandbox kub-workers"
                },
                "to_port": 80
              },
              "sensitive_values": {
                "tags": {},
                "tags_all": {}
              }
            },
            {
              "address": "module.kub-workers.aws_vpc_security_group_egress_rule.egress_ipv6_icmp",
              "mode": "managed",
              "type": "aws_vpc_security_group_egress_rule",
              "name": "egress_ipv6_icmp",
              "provider_name": "registry.terraform.io/hashicorp/aws",
              "schema_version": 0,
              "values": {
                "cidr_ipv4": null,
                "cidr_ipv6": "::/0",
                "description": "egress_ipv6_icmp",
                "from_port": -1,
                "ip_protocol": "icmpv6",
                "prefix_list_id": null,
                "referenced_security_group_id": null,
                "tags": {
                  "Name": "aws-kube-sandbox kub-workers"
                },
                "tags_all": {
                  "Name": "aws-kube-sandbox kub-workers"
                },
                "to_port": -1
              },
              "sensitive_values": {
                "tags": {},
                "tags_all": {}
              }
            },
            {
              "address": "module.kub-workers.aws_vpc_security_group_ingress_rule.ingress_all_kub_sg",
              "mode": "managed",
              "type": "aws_vpc_security_group_ingress_rule",
              "name": "ingress_all_kub_sg",
              "provider_name": "registry.terraform.io/hashicorp/aws",
              "schema_version": 0,
              "values": {
                "cidr_ipv4": null,
                "cidr_ipv6": null,
                "description": "ingress_all_kub_sg",
                "from_port": null,
                "ip_protocol": "-1",
                "prefix_list_id": null,
                "tags": {
                  "Name": "aws-kube-sandbox kub-workers"
                },
                "tags_all": {
                  "Name": "aws-kube-sandbox kub-workers"
                },
                "to_port": null
              },
              "sensitive_values": {
                "tags": {},
                "tags_all": {}
              }
            },
            {
              "address": "module.kub-workers.aws_vpc_security_group_ingress_rule.ingress_icmp_bastion_sg",
              "mode": "managed",
              "type": "aws_vpc_security_group_ingress_rule",
              "name": "ingress_icmp_bastion_sg",
              "provider_name": "registry.terraform.io/hashicorp/aws",
              "schema_version": 0,
              "values": {
                "cidr_ipv4": null,
                "cidr_ipv6": null,
                "description": "ingress_icmp_bastion_sg",
                "from_port": -1,
                "ip_protocol": "icmp",
                "prefix_list_id": null,
                "tags": {
                  "Name": "aws-kube-sandbox kub-workers"
                },
                "tags_all": {
                  "Name": "aws-kube-sandbox kub-workers"
                },
                "to_port": -1
              },
              "sensitive_values": {
                "tags": {},
                "tags_all": {}
              }
            },
            {
              "address": "module.kub-workers.aws_vpc_security_group_ingress_rule.ingress_ssh_bastion_sg",
              "mode": "managed",
              "type": "aws_vpc_security_group_ingress_rule",
              "name": "ingress_ssh_bastion_sg",
              "provider_name": "registry.terraform.io/hashicorp/aws",
              "schema_version": 0,
              "values": {
                "cidr_ipv4": null,
                "cidr_ipv6": null,
                "description": "ingress_ssh_bastion_sg",
                "from_port": 22,
                "ip_protocol": "tcp",
                "prefix_list_id": null,
                "tags": {
                  "Name": "aws-kube-sandbox kub-workers"
                },
                "tags_all": {
                  "Name": "aws-kube-sandbox kub-workers"
                },
                "to_port": 22
              },
              "sensitive_values": {
                "tags": {},
                "tags_all": {}
              }
            }
          ],
          "address": "module.kub-workers"
        },
        {
          "resources": [
            {
              "address": "module.network.aws_default_security_group.default",
              "mode": "managed",
              "type": "aws_default_security_group",
              "name": "default",
              "provider_name": "registry.terraform.io/hashicorp/aws",
              "schema_version": 1,
              "values": {
                "revoke_rules_on_delete": false,
                "tags": {
                  "Name": "aws-kube-sandbox default"
                },
                "tags_all": {
                  "Name": "aws-kube-sandbox default"
                }
              },
              "sensitive_values": {
                "egress": [],
                "ingress": [],
                "tags": {},
                "tags_all": {}
              }
            },
            {
              "address": "module.network.aws_egress_only_internet_gateway.eigw_ipv6",
              "mode": "managed",
              "type": "aws_egress_only_internet_gateway",
              "name": "eigw_ipv6",
              "provider_name": "registry.terraform.io/hashicorp/aws",
              "schema_version": 0,
              "values": {
                "tags": {
                  "Name": "aws-kube-sandbox"
                },
                "tags_all": {
                  "Name": "aws-kube-sandbox"
                }
              },
              "sensitive_values": {
                "tags": {},
                "tags_all": {}
              }
            },
            {
              "address": "module.network.aws_eip.sn_nat_eip",
              "mode": "managed",
              "type": "aws_eip",
              "name": "sn_nat_eip",
              "provider_name": "registry.terraform.io/hashicorp/aws",
              "schema_version": 0,
              "values": {
                "address": null,
                "associate_with_private_ip": null,
                "customer_owned_ipv4_pool": null,
                "tags": null,
                "timeouts": null,
                "vpc": true
              },
              "sensitive_values": {
                "tags_all": {}
              }
            },
            {
              "address": "module.network.aws_internet_gateway.internet_gateway",
              "mode": "managed",
              "type": "aws_internet_gateway",
              "name": "internet_gateway",
              "provider_name": "registry.terraform.io/hashicorp/aws",
              "schema_version": 0,
              "values": {
                "tags": {
                  "Name": "aws-kube-sandbox"
                },
                "tags_all": {
                  "Name": "aws-kube-sandbox"
                },
                "timeouts": null
              },
              "sensitive_values": {
                "tags": {},
                "tags_all": {}
              }
            },
            {
              "address": "module.network.aws_nat_gateway.sn_nat_gw",
              "mode": "managed",
              "type": "aws_nat_gateway",
              "name": "sn_nat_gw",
              "provider_name": "registry.terraform.io/hashicorp/aws",
              "schema_version": 0,
              "values": {
                "connectivity_type": "public",
                "tags": {
                  "Name": "aws-kube-sandbox"
                },
                "tags_all": {
                  "Name": "aws-kube-sandbox"
                }
              },
              "sensitive_values": {
                "tags": {},
                "tags_all": {}
              }
            },
            {
              "address": "module.network.aws_network_acl.bastion",
              "mode": "managed",
              "type": "aws_network_acl",
              "name": "bastion",
              "provider_name": "registry.terraform.io/hashicorp/aws",
              "schema_version": 0,
              "values": {
                "egress": [
                  {
                    "action": "allow",
                    "cidr_block": "",
                    "from_port": 0,
                    "icmp_code": -1,
                    "icmp_type": -1,
                    "ipv6_cidr_block": "::/0",
                    "protocol": "ipv6-icmp",
                    "rule_no": 110,
                    "to_port": 0
                  },
                  {
                    "action": "allow",
                    "cidr_block": "",
                    "from_port": 1024,
                    "icmp_code": null,
                    "icmp_type": null,
                    "ipv6_cidr_block": "::/0",
                    "protocol": "tcp",
                    "rule_no": 170,
                    "to_port": 65535
                  },
                  {
                    "action": "allow",
                    "cidr_block": "",
                    "from_port": 22,
                    "icmp_code": null,
                    "icmp_type": null,
                    "ipv6_cidr_block": "::/0",
                    "protocol": "tcp",
                    "rule_no": 130,
                    "to_port": 22
                  },
                  {
                    "action": "allow",
                    "cidr_block": "",
                    "from_port": 80,
                    "icmp_code": null,
                    "icmp_type": null,
                    "ipv6_cidr_block": "::/0",
                    "protocol": "tcp",
                    "rule_no": 150,
                    "to_port": 80
                  },
                  {
                    "action": "allow",
                    "cidr_block": "0.0.0.0/0",
                    "from_port": 0,
                    "icmp_code": -1,
                    "icmp_type": -1,
                    "ipv6_cidr_block": "",
                    "protocol": "icmp",
                    "rule_no": 100,
                    "to_port": 0
                  },
                  {
                    "action": "allow",
                    "cidr_block": "0.0.0.0/0",
                    "from_port": 1024,
                    "icmp_code": null,
                    "icmp_type": null,
                    "ipv6_cidr_block": "",
                    "protocol": "tcp",
                    "rule_no": 160,
                    "to_port": 65535
                  },
                  {
                    "action": "allow",
                    "cidr_block": "0.0.0.0/0",
                    "from_port": 22,
                    "icmp_code": null,
                    "icmp_type": null,
                    "ipv6_cidr_block": "",
                    "protocol": "tcp",
                    "rule_no": 120,
                    "to_port": 22
                  },
                  {
                    "action": "allow",
                    "cidr_block": "0.0.0.0/0",
                    "from_port": 80,
                    "icmp_code": null,
                    "icmp_type": null,
                    "ipv6_cidr_block": "",
                    "protocol": "tcp",
                    "rule_no": 140,
                    "to_port": 80
                  }
                ],
                "ingress": [
                  {
                    "action": "allow",
                    "cidr_block": "",
                    "from_port": 0,
                    "icmp_code": -1,
                    "icmp_type": -1,
                    "ipv6_cidr_block": "::/0",
                    "protocol": "ipv6-icmp",
                    "rule_no": 130,
                    "to_port": 0
                  },
                  {
                    "action": "allow",
                    "cidr_block": "",
                    "from_port": 1024,
                    "icmp_code": null,
                    "icmp_type": null,
                    "ipv6_cidr_block": "::/0",
                    "protocol": "tcp",
                    "rule_no": 160,
                    "to_port": 65535
                  },
                  {
                    "action": "allow",
                    "cidr_block": "",
                    "from_port": 22,
                    "icmp_code": null,
                    "icmp_type": null,
                    "ipv6_cidr_block": "2a04:c603:815:1::3/128",
                    "protocol": "tcp",
                    "rule_no": 100,
                    "to_port": 22
                  },
                  {
                    "action": "allow",
                    "cidr_block": "0.0.0.0/0",
                    "from_port": 0,
                    "icmp_code": -1,
                    "icmp_type": -1,
                    "ipv6_cidr_block": "",
                    "protocol": "icmp",
                    "rule_no": 120,
                    "to_port": 0
                  },
                  {
                    "action": "allow",
                    "cidr_block": "0.0.0.0/0",
                    "from_port": 1024,
                    "icmp_code": null,
                    "icmp_type": null,
                    "ipv6_cidr_block": "",
                    "protocol": "tcp",
                    "rule_no": 150,
                    "to_port": 65535
                  },
                  {
                    "action": "allow",
                    "cidr_block": "10.0.5.0/24",
                    "from_port": 0,
                    "icmp_code": -1,
                    "icmp_type": -1,
                    "ipv6_cidr_block": "",
                    "protocol": "icmp",
                    "rule_no": 140,
                    "to_port": 0
                  },
                  {
                    "action": "allow",
                    "cidr_block": "10.0.5.0/24",
                    "from_port": 80,
                    "icmp_code": null,
                    "icmp_type": null,
                    "ipv6_cidr_block": "",
                    "protocol": "tcp",
                    "rule_no": 170,
                    "to_port": 80
                  },
                  {
                    "action": "allow",
                    "cidr_block": "138.128.136.167/32",
                    "from_port": 22,
                    "icmp_code": null,
                    "icmp_type": null,
                    "ipv6_cidr_block": "",
                    "protocol": "tcp",
                    "rule_no": 110,
                    "to_port": 22
                  }
                ],
                "tags": {
                  "Name": "aws-kube-sandbox bastion"
                },
                "tags_all": {
                  "Name": "aws-kube-sandbox bastion"
                }
              },
              "sensitive_values": {
                "egress": [
                  {},
                  {},
                  {},
                  {},
                  {},
                  {},
                  {},
                  {}
                ],
                "ingress": [
                  {},
                  {},
                  {},
                  {},
                  {},
                  {},
                  {},
                  {}
                ],
                "subnet_ids": [],
                "tags": {},
                "tags_all": {}
              }
            },
            {
              "address": "module.network.aws_network_acl.kub_workers",
              "mode": "managed",
              "type": "aws_network_acl",
              "name": "kub_workers",
              "provider_name": "registry.terraform.io/hashicorp/aws",
              "schema_version": 0,
              "values": {
                "egress": [
                  {
                    "action": "allow",
                    "cidr_block": "",
                    "from_port": 0,
                    "icmp_code": -1,
                    "icmp_type": -1,
                    "ipv6_cidr_block": "::/0",
                    "protocol": "ipv6-icmp",
                    "rule_no": 210,
                    "to_port": 0
                  },
                  {
                    "action": "allow",
                    "cidr_block": "",
                    "from_port": 1024,
                    "icmp_code": null,
                    "icmp_type": null,
                    "ipv6_cidr_block": "::/0",
                    "protocol": "tcp",
                    "rule_no": 250,
                    "to_port": 65535
                  },
                  {
                    "action": "allow",
                    "cidr_block": "",
                    "from_port": 80,
                    "icmp_code": null,
                    "icmp_type": null,
                    "ipv6_cidr_block": "::/0",
                    "protocol": "tcp",
                    "rule_no": 230,
                    "to_port": 80
                  },
                  {
                    "action": "allow",
                    "cidr_block": "0.0.0.0/0",
                    "from_port": 0,
                    "icmp_code": -1,
                    "icmp_type": -1,
                    "ipv6_cidr_block": "",
                    "protocol": "icmp",
                    "rule_no": 200,
                    "to_port": 0
                  },
                  {
                    "action": "allow",
                    "cidr_block": "0.0.0.0/0",
                    "from_port": 1024,
                    "icmp_code": null,
                    "icmp_type": null,
                    "ipv6_cidr_block": "",
                    "protocol": "tcp",
                    "rule_no": 240,
                    "to_port": 65535
                  },
                  {
                    "action": "allow",
                    "cidr_block": "0.0.0.0/0",
                    "from_port": 80,
                    "icmp_code": null,
                    "icmp_type": null,
                    "ipv6_cidr_block": "",
                    "protocol": "tcp",
                    "rule_no": 220,
                    "to_port": 80
                  }
                ],
                "ingress": [
                  {
                    "action": "allow",
                    "cidr_block": "",
                    "from_port": 0,
                    "icmp_code": -1,
                    "icmp_type": -1,
                    "ipv6_cidr_block": "::/0",
                    "protocol": "ipv6-icmp",
                    "rule_no": 130,
                    "to_port": 0
                  },
                  {
                    "action": "allow",
                    "cidr_block": "",
                    "from_port": 1024,
                    "icmp_code": null,
                    "icmp_type": null,
                    "ipv6_cidr_block": "::/0",
                    "protocol": "tcp",
                    "rule_no": 150,
                    "to_port": 65535
                  },
                  {
                    "action": "allow",
                    "cidr_block": "0.0.0.0/0",
                    "from_port": 0,
                    "icmp_code": -1,
                    "icmp_type": -1,
                    "ipv6_cidr_block": "",
                    "protocol": "icmp",
                    "rule_no": 120,
                    "to_port": 0
                  },
                  {
                    "action": "allow",
                    "cidr_block": "0.0.0.0/0",
                    "from_port": 1024,
                    "icmp_code": null,
                    "icmp_type": null,
                    "ipv6_cidr_block": "",
                    "protocol": "tcp",
                    "rule_no": 140,
                    "to_port": 65535
                  },
                  {
                    "action": "allow",
                    "cidr_block": "10.0.3.0/28",
                    "from_port": 0,
                    "icmp_code": -1,
                    "icmp_type": -1,
                    "ipv6_cidr_block": "",
                    "protocol": "icmp",
                    "rule_no": 100,
                    "to_port": 0
                  },
                  {
                    "action": "allow",
                    "cidr_block": "10.0.3.0/28",
                    "from_port": 22,
                    "icmp_code": null,
                    "icmp_type": null,
                    "ipv6_cidr_block": "",
                    "protocol": "tcp",
                    "rule_no": 110,
                    "to_port": 22
                  }
                ],
                "tags": {
                  "Name": "aws-kube-sandbox kub workers"
                },
                "tags_all": {
                  "Name": "aws-kube-sandbox kub workers"
                }
              },
              "sensitive_values": {
                "egress": [
                  {},
                  {},
                  {},
                  {},
                  {},
                  {}
                ],
                "ingress": [
                  {},
                  {},
                  {},
                  {},
                  {},
                  {}
                ],
                "subnet_ids": [],
                "tags": {},
                "tags_all": {}
              }
            },
            {
              "address": "module.network.aws_network_acl_association.bastion",
              "mode": "managed",
              "type": "aws_network_acl_association",
              "name": "bastion",
              "provider_name": "registry.terraform.io/hashicorp/aws",
              "schema_version": 0,
              "sensitive_values": {}
            },
            {
              "address": "module.network.aws_network_acl_association.kub_workers",
              "mode": "managed",
              "type": "aws_network_acl_association",
              "name": "kub_workers",
              "provider_name": "registry.terraform.io/hashicorp/aws",
              "schema_version": 0,
              "sensitive_values": {}
            },
            {
              "address": "module.network.aws_route.kub_to_eigw",
              "mode": "managed",
              "type": "aws_route",
              "name": "kub_to_eigw",
              "provider_name": "registry.terraform.io/hashicorp/aws",
              "schema_version": 0,
              "values": {
                "carrier_gateway_id": null,
                "core_network_arn": null,
                "destination_cidr_block": null,
                "destination_ipv6_cidr_block": "::/0",
                "destination_prefix_list_id": null,
                "gateway_id": null,
                "local_gateway_id": null,
                "nat_gateway_id": null,
                "timeouts": null,
                "transit_gateway_id": null,
                "vpc_endpoint_id": null,
                "vpc_peering_connection_id": null
              },
              "sensitive_values": {}
            },
            {
              "address": "module.network.aws_route.to_nat",
              "mode": "managed",
              "type": "aws_route",
              "name": "to_nat",
              "provider_name": "registry.terraform.io/hashicorp/aws",
              "schema_version": 0,
              "values": {
                "carrier_gateway_id": null,
                "core_network_arn": null,
                "destination_cidr_block": "0.0.0.0/0",
                "destination_ipv6_cidr_block": null,
                "destination_prefix_list_id": null,
                "egress_only_gateway_id": null,
                "gateway_id": null,
                "local_gateway_id": null,
                "timeouts": null,
                "transit_gateway_id": null,
                "vpc_endpoint_id": null,
                "vpc_peering_connection_id": null
              },
              "sensitive_values": {}
            },
            {
              "address": "module.network.aws_route_table.public_rt",
              "mode": "managed",
              "type": "aws_route_table",
              "name": "public_rt",
              "provider_name": "registry.terraform.io/hashicorp/aws",
              "schema_version": 0,
              "values": {
                "route": [
                  {
                    "carrier_gateway_id": "",
                    "cidr_block": "",
                    "core_network_arn": "",
                    "destination_prefix_list_id": "",
                    "egress_only_gateway_id": "",
                    "instance_id": "",
                    "ipv6_cidr_block": "::/0",
                    "local_gateway_id": "",
                    "nat_gateway_id": "",
                    "network_interface_id": "",
                    "transit_gateway_id": "",
                    "vpc_endpoint_id": "",
                    "vpc_peering_connection_id": ""
                  },
                  {
                    "carrier_gateway_id": "",
                    "cidr_block": "0.0.0.0/0",
                    "core_network_arn": "",
                    "destination_prefix_list_id": "",
                    "egress_only_gateway_id": "",
                    "instance_id": "",
                    "ipv6_cidr_block": "",
                    "local_gateway_id": "",
                    "nat_gateway_id": "",
                    "network_interface_id": "",
                    "transit_gateway_id": "",
                    "vpc_endpoint_id": "",
                    "vpc_peering_connection_id": ""
                  }
                ],
                "tags": {
                  "Name": "aws-kube-sandbox-public"
                },
                "tags_all": {
                  "Name": "aws-kube-sandbox-public"
                },
                "timeouts": null
              },
              "sensitive_values": {
                "propagating_vgws": [],
                "route": [
                  {},
                  {}
                ],
                "tags": {},
                "tags_all": {}
              }
            },
            {
              "address": "module.network.aws_route_table.to_eigw_and_nat",
              "mode": "managed",
              "type": "aws_route_table",
              "name": "to_eigw_and_nat",
              "provider_name": "registry.terraform.io/hashicorp/aws",
              "schema_version": 0,
              "values": {
                "tags": {
                  "Name": "aws-kube-sandbox-to-eigw-and-nat"
                },
                "tags_all": {
                  "Name": "aws-kube-sandbox-to-eigw-and-nat"
                },
                "timeouts": null
              },
              "sensitive_values": {
                "propagating_vgws": [],
                "route": [],
                "tags": {},
                "tags_all": {}
              }
            },
            {
              "address": "module.network.aws_route_table_association.kube_workers",
              "mode": "managed",
              "type": "aws_route_table_association",
              "name": "kube_workers",
              "provider_name": "registry.terraform.io/hashicorp/aws",
              "schema_version": 0,
              "values": {
                "gateway_id": null,
                "timeouts": null
              },
              "sensitive_values": {}
            },
            {
              "address": "module.network.aws_route_table_association.public_rta",
              "mode": "managed",
              "type": "aws_route_table_association",
              "name": "public_rta",
              "provider_name": "registry.terraform.io/hashicorp/aws",
              "schema_version": 0,
              "values": {
                "gateway_id": null,
                "timeouts": null
              },
              "sensitive_values": {}
            },
            {
              "address": "module.network.aws_subnet.sn_bastion",
              "mode": "managed",
              "type": "aws_subnet",
              "name": "sn_bastion",
              "provider_name": "registry.terraform.io/hashicorp/aws",
              "schema_version": 1,
              "values": {
                "assign_ipv6_address_on_creation": true,
                "availability_zone": "us-east-1b",
                "cidr_block": "10.0.3.0/28",
                "customer_owned_ipv4_pool": null,
                "enable_dns64": false,
                "enable_lni_at_device_index": null,
                "enable_resource_name_dns_a_record_on_launch": false,
                "enable_resource_name_dns_aaaa_record_on_launch": false,
                "ipv6_native": false,
                "map_customer_owned_ip_on_launch": null,
                "map_public_ip_on_launch": false,
                "outpost_arn": null,
                "tags": {
                  "Name": "aws-kube-sandbox-bastion"
                },
                "tags_all": {
                  "Name": "aws-kube-sandbox-bastion"
                },
                "timeouts": null
              },
              "sensitive_values": {
                "tags": {},
                "tags_all": {}
              }
            },
            {
              "address": "module.network.aws_subnet.sn_kub_workers",
              "mode": "managed",
              "type": "aws_subnet",
              "name": "sn_kub_workers",
              "provider_name": "registry.terraform.io/hashicorp/aws",
              "schema_version": 1,
              "values": {
                "assign_ipv6_address_on_creation": true,
                "availability_zone": "us-east-1b",
                "cidr_block": "10.0.5.0/24",
                "customer_owned_ipv4_pool": null,
                "enable_dns64": false,
                "enable_lni_at_device_index": null,
                "enable_resource_name_dns_a_record_on_launch": false,
                "enable_resource_name_dns_aaaa_record_on_launch": false,
                "ipv6_native": false,
                "map_customer_owned_ip_on_launch": null,
                "map_public_ip_on_launch": false,
                "outpost_arn": null,
                "tags": {
                  "Name": "aws-kube-sandbox-kub-workers"
                },
                "tags_all": {
                  "Name": "aws-kube-sandbox-kub-workers"
                },
                "timeouts": null
              },
              "sensitive_values": {
                "tags": {},
                "tags_all": {}
              }
            },
            {
              "address": "module.network.aws_vpc.kubernetes",
              "mode": "managed",
              "type": "aws_vpc",
              "name": "kubernetes",
              "provider_name": "registry.terraform.io/hashicorp/aws",
              "schema_version": 1,
              "values": {
                "assign_generated_ipv6_cidr_block": true,
                "cidr_block": "10.0.0.0/16",
                "enable_dns_support": true,
                "instance_tenancy": "default",
                "ipv4_ipam_pool_id": null,
                "ipv4_netmask_length": null,
                "ipv6_ipam_pool_id": null,
                "ipv6_netmask_length": null,
                "tags": {
                  "Name": "aws-kube-sandbox"
                },
                "tags_all": {
                  "Name": "aws-kube-sandbox"
                }
              },
              "sensitive_values": {
                "tags": {},
                "tags_all": {}
              }
            }
          ],
          "address": "module.network"
        }
      ]
    }
  },
  "resource_changes": [
    {
      "address": "aws_key_pair.terraform_pub_key",
      "mode": "managed",
      "type": "aws_key_pair",
      "name": "terraform_pub_key",
      "provider_name": "registry.terraform.io/hashicorp/aws",
      "change": {
        "actions": [
          "create"
        ],
        "before": null,
        "after": {
          "key_name": "aws_terraform",
          "public_key": "ssh-rsa AAAAB3NzaC1yc2EAAAADAQABAAABAQDObCefQwka+ktNf5RcYN4Iq12tgEd8fRtgLk8+d0DciOurMOTIByUJcrwTUJqSNoH6m2A8FqbZBvnC5meMITg54HMIqW8jhEdvLXZWpsTm1kHA9m88Sx9e2u34/ZGTGBFrUH9IKVnpTvfMKwnbE8cSBbDf0GyKphCK8hoSEV5xD2ZtleT1wOBfSTurUCIQBpHQt7cXvKvLDjPalJwisWQA1d/lkFGESnLbamJqw4vYWmS/OrI0S4yzsurp4YfEv+rZUIHpVKZsA6lF0c1ZyX8XI0fvIMVVcdAerxjpjFbqN34jHeBC9ymrEhcxHogSyHvZGBvMIYSiLHmYIzYfeQSB dvogt@mi7.local",
          "tags": {
            "Name": "aws-kube-sandbox"
          },
          "tags_all": {
            "Name": "aws-kube-sandbox"
          }
        },
        "after_unknown": {
          "arn": true,
          "fingerprint": true,
          "id": true,
          "key_name_prefix": true,
          "key_pair_id": true,
          "key_type": true,
          "tags": {},
          "tags_all": {}
        },
        "before_sensitive": false,
        "after_sensitive": {
          "tags": {},
          "tags_all": {}
        }
      }
    },
    {
      "address": "module.bastion.aws_eip.bastion",
      "module_address": "module.bastion",
      "mode": "managed",
      "type": "aws_eip",
      "name": "bastion",
      "provider_name": "registry.terraform.io/hashicorp/aws",
      "change": {
        "actions": [
          "create"
        ],
        "before": null,
        "after": {
          "address": null,
          "associate_with_private_ip": null,
          "customer_owned_ipv4_pool": null,
          "tags": null,
          "timeouts": null,
          "vpc": true
        },
        "after_unknown": {
          "allocation_id": true,
          "association_id": true,
          "carrier_ip": true,
          "customer_owned_ip": true,
          "domain": true,
          "id": true,
          "instance": true,
          "network_border_group": true,
          "network_interface": true,
          "private_dns": true,
          "private_ip": true,
          "public_dns": true,
          "public_ip": true,
          "public_ipv4_pool": true,
          "tags_all": true
        },
        "before_sensitive": false,
        "after_sensitive": {
          "tags_all": {}
        }
      }
    },
    {
      "address": "module.bastion.aws_eip_association.bastion",
      "module_address": "module.bastion",
      "mode": "managed",
      "type": "aws_eip_association",
      "name": "bastion",
      "provider_name": "registry.terraform.io/hashicorp/aws",
      "change": {
        "actions": [
          "create"
        ],
        "before": null,
        "after": {
          "allow_reassociation": null
        },
        "after_unknown": {
          "allocation_id": true,
          "id": true,
          "instance_id": true,
          "network_interface_id": true,
          "private_ip_address": true,
          "public_ip": true
        },
        "before_sensitive": false,
        "after_sensitive": {}
      }
    },
    {
      "address": "module.bastion.aws_instance.bastion",
      "module_address": "module.bastion",
      "mode": "managed",
      "type": "aws_instance",
      "name": "bastion",
      "provider_name": "registry.terraform.io/hashicorp/aws",
      "change": {
        "actions": [
          "create"
        ],
        "before": null,
        "after": {
          "ami": "ami-0c38efb4f5f15205f",
          "credit_specification": [],
          "disable_api_termination": false,
          "get_password_data": false,
          "hibernation": null,
          "instance_type": "t2.micro",
          "ipv6_address_count": 1,
          "launch_template": [],
          "source_dest_check": true,
          "tags": {
            "Name": "aws-kube-sandbox cp-bastion",
            "Type": "public"
          },
          "tags_all": {
            "Name": "aws-kube-sandbox cp-bastion",
            "Type": "public"
          },
          "timeouts": {
            "create": "15m",
            "delete": "20m",
            "update": null
          },
          "user_data_replace_on_change": false,
          "volume_tags": null
        },
        "after_unknown": {
          "arn": true,
          "associate_public_ip_address": true,
          "availability_zone": true,
          "capacity_reservation_specification": true,
          "cpu_core_count": true,
          "cpu_options": true,
          "cpu_threads_per_core": true,
          "credit_specification": [],
          "disable_api_stop": true,
          "ebs_block_device": true,
          "ebs_optimized": true,
          "enclave_options": true,
          "ephemeral_block_device": true,
          "host_id": true,
          "host_resource_group_arn": true,
          "iam_instance_profile": true,
          "id": true,
          "instance_initiated_shutdown_behavior": true,
          "instance_state": true,
          "ipv6_addresses": true,
          "key_name": true,
          "launch_template": [],
          "maintenance_options": true,
          "metadata_options": true,
          "monitoring": true,
          "network_interface": true,
          "outpost_arn": true,
          "password_data": true,
          "placement_group": true,
          "placement_partition_number": true,
          "primary_network_interface_id": true,
          "private_dns": true,
          "private_dns_name_options": true,
          "private_ip": true,
          "public_dns": true,
          "public_ip": true,
          "root_block_device": true,
          "secondary_private_ips": true,
          "security_groups": true,
          "subnet_id": true,
          "tags": {},
          "tags_all": {},
          "tenancy": true,
          "timeouts": {},
          "user_data": true,
          "user_data_base64": true,
          "vpc_security_group_ids": true
        },
        "before_sensitive": false,
        "after_sensitive": {
          "capacity_reservation_specification": [],
          "cpu_options": [],
          "credit_specification": [],
          "ebs_block_device": [],
          "enclave_options": [],
          "ephemeral_block_device": [],
          "ipv6_addresses": [],
          "launch_template": [],
          "maintenance_options": [],
          "metadata_options": [],
          "network_interface": [],
          "private_dns_name_options": [],
          "root_block_device": [],
          "secondary_private_ips": [],
          "security_groups": [],
          "tags": {},
          "tags_all": {},
          "timeouts": {},
          "vpc_security_group_ids": []
        }
      }
    },
    {
      "address": "module.bastion.aws_security_group.sg_bastion",
      "module_address": "module.bastion",
      "mode": "managed",
      "type": "aws_security_group",
      "name": "sg_bastion",
      "provider_name": "registry.terraform.io/hashicorp/aws",
      "change": {
        "actions": [
          "create"
        ],
        "before": null,
        "after": {
          "description": "aws-kube-sandbox bastion",
          "name": "sg_bastion",
          "revoke_rules_on_delete": false,
          "tags": {
            "Name": "aws-kube-sandbox cp-bastion"
          },
          "tags_all": {
            "Name": "aws-kube-sandbox cp-bastion"
          },
          "timeouts": null
        },
        "after_unknown": {
          "arn": true,
          "egress": true,
          "id": true,
          "ingress": true,
          "name_prefix": true,
          "owner_id": true,
          "tags": {},
          "tags_all": {},
          "vpc_id": true
        },
        "before_sensitive": false,
        "after_sensitive": {
          "egress": [],
          "ingress": [],
          "tags": {},
          "tags_all": {}
        }
      }
    },
    {
      "address": "module.bastion.aws_vpc_security_group_egress_rule.egress_ipv4_443",
      "module_address": "module.bastion",
      "mode": "managed",
      "type": "aws_vpc_security_group_egress_rule",
      "name": "egress_ipv4_443",
      "provider_name": "registry.terraform.io/hashicorp/aws",
      "change": {
        "actions": [
          "create"
        ],
        "before": null,
        "after": {
          "cidr_ipv4": "0.0.0.0/0",
          "cidr_ipv6": null,
          "description": "egress_ipv4_443",
          "from_port": 443,
          "ip_protocol": "tcp",
          "prefix_list_id": null,
          "referenced_security_group_id": null,
          "tags": {
            "Name": "aws-kube-sandbox cp-bastion"
          },
          "tags_all": {
            "Name": "aws-kube-sandbox cp-bastion"
          },
          "to_port": 443
        },
        "after_unknown": {
          "arn": true,
          "id": true,
          "security_group_id": true,
          "security_group_rule_id": true,
          "tags": {},
          "tags_all": {}
        },
        "before_sensitive": false,
        "after_sensitive": {
          "tags": {},
          "tags_all": {}
        }
      }
    },
    {
      "address": "module.bastion.aws_vpc_security_group_egress_rule.egress_ipv4_80",
      "module_address": "module.bastion",
      "mode": "managed",
      "type": "aws_vpc_security_group_egress_rule",
      "name": "egress_ipv4_80",
      "provider_name": "registry.terraform.io/hashicorp/aws",
      "change": {
        "actions": [
          "create"
        ],
        "before": null,
        "after": {
          "cidr_ipv4": "0.0.0.0/0",
          "cidr_ipv6": null,
          "description": "egress_ipv4_80",
          "from_port": 80,
          "ip_protocol": "tcp",
          "prefix_list_id": null,
          "referenced_security_group_id": null,
          "tags": {
            "Name": "aws-kube-sandbox cp-bastion"
          },
          "tags_all": {
            "Name": "aws-kube-sandbox cp-bastion"
          },
          "to_port": 80
        },
        "after_unknown": {
          "arn": true,
          "id": true,
          "security_group_id": true,
          "security_group_rule_id": true,
          "tags": {},
          "tags_all": {}
        },
        "before_sensitive": false,
        "after_sensitive": {
          "tags": {},
          "tags_all": {}
        }
      }
    },
    {
      "address": "module.bastion.aws_vpc_security_group_egress_rule.egress_ipv4_icmp",
      "module_address": "module.bastion",
      "mode": "managed",
      "type": "aws_vpc_security_group_egress_rule",
      "name": "egress_ipv4_icmp",
      "provider_name": "registry.terraform.io/hashicorp/aws",
      "change": {
        "actions": [
          "create"
        ],
        "before": null,
        "after": {
          "cidr_ipv4": "0.0.0.0/0",
          "cidr_ipv6": null,
          "description": "egress_ipv4_icmp",
          "from_port": -1,
          "ip_protocol": "icmp",
          "prefix_list_id": null,
          "referenced_security_group_id": null,
          "tags": {
            "Name": "aws-kube-sandbox cp-bastion"
          },
          "tags_all": {
            "Name": "aws-kube-sandbox cp-bastion"
          },
          "to_port": -1
        },
        "after_unknown": {
          "arn": true,
          "id": true,
          "security_group_id": true,
          "security_group_rule_id": true,
          "tags": {},
          "tags_all": {}
        },
        "before_sensitive": false,
        "after_sensitive": {
          "tags": {},
          "tags_all": {}
        }
      }
    },
    {
      "address": "module.bastion.aws_vpc_security_group_egress_rule.egress_ipv6_443",
      "module_address": "module.bastion",
      "mode": "managed",
      "type": "aws_vpc_security_group_egress_rule",
      "name": "egress_ipv6_443",
      "provider_name": "registry.terraform.io/hashicorp/aws",
      "change": {
        "actions": [
          "create"
        ],
        "before": null,
        "after": {
          "cidr_ipv4": null,
          "cidr_ipv6": "::/0",
          "description": "egress_ipv6_443",
          "from_port": 443,
          "ip_protocol": "tcp",
          "prefix_list_id": null,
          "referenced_security_group_id": null,
          "tags": {
            "Name": "aws-kube-sandbox cp-bastion"
          },
          "tags_all": {
            "Name": "aws-kube-sandbox cp-bastion"
          },
          "to_port": 443
        },
        "after_unknown": {
          "arn": true,
          "id": true,
          "security_group_id": true,
          "security_group_rule_id": true,
          "tags": {},
          "tags_all": {}
        },
        "before_sensitive": false,
        "after_sensitive": {
          "tags": {},
          "tags_all": {}
        }
      }
    },
    {
      "address": "module.bastion.aws_vpc_security_group_egress_rule.egress_ipv6_80",
      "module_address": "module.bastion",
      "mode": "managed",
      "type": "aws_vpc_security_group_egress_rule",
      "name": "egress_ipv6_80",
      "provider_name": "registry.terraform.io/hashicorp/aws",
      "change": {
        "actions": [
          "create"
        ],
        "before": null,
        "after": {
          "cidr_ipv4": null,
          "cidr_ipv6": "::/0",
          "description": "egress_ipv6_80 ",
          "from_port": 80,
          "ip_protocol": "tcp",
          "prefix_list_id": null,
          "referenced_security_group_id": null,
          "tags": {
            "Name": "aws-kube-sandbox cp-bastion"
          },
          "tags_all": {
            "Name": "aws-kube-sandbox cp-bastion"
          },
          "to_port": 80
        },
        "after_unknown": {
          "arn": true,
          "id": true,
          "security_group_id": true,
          "security_group_rule_id": true,
          "tags": {},
          "tags_all": {}
        },
        "before_sensitive": false,
        "after_sensitive": {
          "tags": {},
          "tags_all": {}
        }
      }
    },
    {
      "address": "module.bastion.aws_vpc_security_group_egress_rule.egress_ipv6_icmp",
      "module_address": "module.bastion",
      "mode": "managed",
      "type": "aws_vpc_security_group_egress_rule",
      "name": "egress_ipv6_icmp",
      "provider_name": "registry.terraform.io/hashicorp/aws",
      "change": {
        "actions": [
          "create"
        ],
        "before": null,
        "after": {
          "cidr_ipv4": null,
          "cidr_ipv6": "::/0",
          "description": "egress_ipv6_icmp",
          "from_port": -1,
          "ip_protocol": "icmpv6",
          "prefix_list_id": null,
          "referenced_security_group_id": null,
          "tags": {
            "Name": "aws-kube-sandbox cp-bastion"
          },
          "tags_all": {
            "Name": "aws-kube-sandbox cp-bastion"
          },
          "to_port": -1
        },
        "after_unknown": {
          "arn": true,
          "id": true,
          "security_group_id": true,
          "security_group_rule_id": true,
          "tags": {},
          "tags_all": {}
        },
        "before_sensitive": false,
        "after_sensitive": {
          "tags": {},
          "tags_all": {}
        }
      }
    },
    {
      "address": "module.bastion.aws_vpc_security_group_egress_rule.egress_ssh_kub_sg",
      "module_address": "module.bastion",
      "mode": "managed",
      "type": "aws_vpc_security_group_egress_rule",
      "name": "egress_ssh_kub_sg",
      "provider_name": "registry.terraform.io/hashicorp/aws",
      "change": {
        "actions": [
          "create"
        ],
        "before": null,
        "after": {
          "cidr_ipv4": null,
          "cidr_ipv6": null,
          "description": "egress_ssh_kub_sg",
          "from_port": 22,
          "ip_protocol": "tcp",
          "prefix_list_id": null,
          "tags": {
            "Name": "aws-kube-sandbox cp-bastion"
          },
          "tags_all": {
            "Name": "aws-kube-sandbox cp-bastion"
          },
          "to_port": 22
        },
        "after_unknown": {
          "arn": true,
          "id": true,
          "referenced_security_group_id": true,
          "security_group_id": true,
          "security_group_rule_id": true,
          "tags": {},
          "tags_all": {}
        },
        "before_sensitive": false,
        "after_sensitive": {
          "tags": {},
          "tags_all": {}
        }
      }
    },
    {
      "address": "module.bastion.aws_vpc_security_group_ingress_rule.ingress_ipv4_icmp_client",
      "module_address": "module.bastion",
      "mode": "managed",
      "type": "aws_vpc_security_group_ingress_rule",
      "name": "ingress_ipv4_icmp_client",
      "provider_name": "registry.terraform.io/hashicorp/aws",
      "change": {
        "actions": [
          "create"
        ],
        "before": null,
        "after": {
          "cidr_ipv4": "138.128.136.167/32",
          "cidr_ipv6": null,
          "description": "ingress_icmp_client",
          "from_port": -1,
          "ip_protocol": "icmp",
          "prefix_list_id": null,
          "referenced_security_group_id": null,
          "tags": {
            "Name": "aws-kube-sandbox cp-bastion"
          },
          "tags_all": {
            "Name": "aws-kube-sandbox cp-bastion"
          },
          "to_port": -1
        },
        "after_unknown": {
          "arn": true,
          "id": true,
          "security_group_id": true,
          "security_group_rule_id": true,
          "tags": {},
          "tags_all": {}
        },
        "before_sensitive": false,
        "after_sensitive": {
          "tags": {},
          "tags_all": {}
        }
      }
    },
    {
      "address": "module.bastion.aws_vpc_security_group_ingress_rule.ingress_ipv4_icmp_kub_sg",
      "module_address": "module.bastion",
      "mode": "managed",
      "type": "aws_vpc_security_group_ingress_rule",
      "name": "ingress_ipv4_icmp_kub_sg",
      "provider_name": "registry.terraform.io/hashicorp/aws",
      "change": {
        "actions": [
          "create"
        ],
        "before": null,
        "after": {
          "cidr_ipv4": null,
          "cidr_ipv6": null,
          "description": "ingress_icmp_kub_sg",
          "from_port": -1,
          "ip_protocol": "icmp",
          "prefix_list_id": null,
          "tags": {
            "Name": "aws-kube-sandbox cp-bastion"
          },
          "tags_all": {
            "Name": "aws-kube-sandbox cp-bastion"
          },
          "to_port": -1
        },
        "after_unknown": {
          "arn": true,
          "id": true,
          "referenced_security_group_id": true,
          "security_group_id": true,
          "security_group_rule_id": true,
          "tags": {},
          "tags_all": {}
        },
        "before_sensitive": false,
        "after_sensitive": {
          "tags": {},
          "tags_all": {}
        }
      }
    },
    {
      "address": "module.bastion.aws_vpc_security_group_ingress_rule.ingress_ipv4_ssh_client",
      "module_address": "module.bastion",
      "mode": "managed",
      "type": "aws_vpc_security_group_ingress_rule",
      "name": "ingress_ipv4_ssh_client",
      "provider_name": "registry.terraform.io/hashicorp/aws",
      "change": {
        "actions": [
          "create"
        ],
        "before": null,
        "after": {
          "cidr_ipv4": "138.128.136.167/32",
          "cidr_ipv6": null,
          "description": "SSH from your workstation using IPv6",
          "from_port": 22,
          "ip_protocol": "tcp",
          "prefix_list_id": null,
          "referenced_security_group_id": null,
          "tags": {
            "Name": "aws-kube-sandbox cp-bastion"
          },
          "tags_all": {
            "Name": "aws-kube-sandbox cp-bastion"
          },
          "to_port": 22
        },
        "after_unknown": {
          "arn": true,
          "id": true,
          "security_group_id": true,
          "security_group_rule_id": true,
          "tags": {},
          "tags_all": {}
        },
        "before_sensitive": false,
        "after_sensitive": {
          "tags": {},
          "tags_all": {}
        }
      }
    },
    {
      "address": "module.bastion.aws_vpc_security_group_ingress_rule.ingress_ipv6_icmp_client",
      "module_address": "module.bastion",
      "mode": "managed",
      "type": "aws_vpc_security_group_ingress_rule",
      "name": "ingress_ipv6_icmp_client",
      "provider_name": "registry.terraform.io/hashicorp/aws",
      "change": {
        "actions": [
          "create"
        ],
        "before": null,
        "after": {
          "cidr_ipv4": null,
          "cidr_ipv6": "2a04:c603:815:1::3/128",
          "description": "ICMP from your workstation using IPv6",
          "from_port": -1,
          "ip_protocol": "icmpv6",
          "prefix_list_id": null,
          "referenced_security_group_id": null,
          "tags": {
            "Name": "aws-kube-sandbox cp-bastion"
          },
          "tags_all": {
            "Name": "aws-kube-sandbox cp-bastion"
          },
          "to_port": -1
        },
        "after_unknown": {
          "arn": true,
          "id": true,
          "security_group_id": true,
          "security_group_rule_id": true,
          "tags": {},
          "tags_all": {}
        },
        "before_sensitive": false,
        "after_sensitive": {
          "tags": {},
          "tags_all": {}
        }
      }
    },
    {
      "address": "module.bastion.aws_vpc_security_group_ingress_rule.ingress_ipv6_ssh_client",
      "module_address": "module.bastion",
      "mode": "managed",
      "type": "aws_vpc_security_group_ingress_rule",
      "name": "ingress_ipv6_ssh_client",
      "provider_name": "registry.terraform.io/hashicorp/aws",
      "change": {
        "actions": [
          "create"
        ],
        "before": null,
        "after": {
          "cidr_ipv4": null,
          "cidr_ipv6": "2a04:c603:815:1::3/128",
          "description": "SSH from your workstation using IPv6",
          "from_port": 22,
          "ip_protocol": "tcp",
          "prefix_list_id": null,
          "referenced_security_group_id": null,
          "tags": {
            "Name": "aws-kube-sandbox cp-bastion"
          },
          "tags_all": {
            "Name": "aws-kube-sandbox cp-bastion"
          },
          "to_port": 22
        },
        "after_unknown": {
          "arn": true,
          "id": true,
          "security_group_id": true,
          "security_group_rule_id": true,
          "tags": {},
          "tags_all": {}
        },
        "before_sensitive": false,
        "after_sensitive": {
          "tags": {},
          "tags_all": {}
        }
      }
    },
    {
      "address": "module.bastion.aws_vpc_security_group_ingress_rule.ingress_ssh_kub_sg",
      "module_address": "module.bastion",
      "mode": "managed",
      "type": "aws_vpc_security_group_ingress_rule",
      "name": "ingress_ssh_kub_sg",
      "provider_name": "registry.terraform.io/hashicorp/aws",
      "change": {
        "actions": [
          "create"
        ],
        "before": null,
        "after": {
          "cidr_ipv4": null,
          "cidr_ipv6": null,
          "description": "SSH from your workstation using IPv4",
          "from_port": 22,
          "ip_protocol": "tcp",
          "prefix_list_id": null,
          "tags": {
            "Name": "aws-kube-sandbox cp-bastion"
          },
          "tags_all": {
            "Name": "aws-kube-sandbox cp-bastion"
          },
          "to_port": 22
        },
        "after_unknown": {
          "arn": true,
          "id": true,
          "referenced_security_group_id": true,
          "security_group_id": true,
          "security_group_rule_id": true,
          "tags": {},
          "tags_all": {}
        },
        "before_sensitive": false,
        "after_sensitive": {
          "tags": {},
          "tags_all": {}
        }
      }
    },
    {
      "address": "module.kub-workers.aws_instance.kub_controller",
      "module_address": "module.kub-workers",
      "mode": "managed",
      "type": "aws_instance",
      "name": "kub_controller",
      "provider_name": "registry.terraform.io/hashicorp/aws",
      "change": {
        "actions": [
          "create"
        ],
        "before": null,
        "after": {
          "ami": "ami-0ae4678168a1ce28b",
          "credit_specification": [],
          "get_password_data": false,
          "hibernation": null,
          "instance_type": "t2.medium",
          "launch_template": [],
          "private_ip": "10.0.5.10",
          "source_dest_check": true,
          "tags": {
            "Name": "kub_controller",
            "Type": "private"
          },
          "tags_all": {
            "Name": "kub_controller",
            "Type": "private"
          },
          "timeouts": {
            "create": "15m",
            "delete": "20m",
            "update": null
          },
          "user_data_replace_on_change": false,
          "volume_tags": null
        },
        "after_unknown": {
          "arn": true,
          "associate_public_ip_address": true,
          "availability_zone": true,
          "capacity_reservation_specification": true,
          "cpu_core_count": true,
          "cpu_options": true,
          "cpu_threads_per_core": true,
          "credit_specification": [],
          "disable_api_stop": true,
          "disable_api_termination": true,
          "ebs_block_device": true,
          "ebs_optimized": true,
          "enclave_options": true,
          "ephemeral_block_device": true,
          "host_id": true,
          "host_resource_group_arn": true,
          "iam_instance_profile": true,
          "id": true,
          "instance_initiated_shutdown_behavior": true,
          "instance_state": true,
          "ipv6_address_count": true,
          "ipv6_addresses": true,
          "key_name": true,
          "launch_template": [],
          "maintenance_options": true,
          "metadata_options": true,
          "monitoring": true,
          "network_interface": true,
          "outpost_arn": true,
          "password_data": true,
          "placement_group": true,
          "placement_partition_number": true,
          "primary_network_interface_id": true,
          "private_dns": true,
          "private_dns_name_options": true,
          "public_dns": true,
          "public_ip": true,
          "root_block_device": true,
          "secondary_private_ips": true,
          "security_groups": true,
          "subnet_id": true,
          "tags": {},
          "tags_all": {},
          "tenancy": true,
          "timeouts": {},
          "user_data": true,
          "user_data_base64": true,
          "vpc_security_group_ids": true
        },
        "before_sensitive": false,
        "after_sensitive": {
          "capacity_reservation_specification": [],
          "cpu_options": [],
          "credit_specification": [],
          "ebs_block_device": [],
          "enclave_options": [],
          "ephemeral_block_device": [],
          "ipv6_addresses": [],
          "launch_template": [],
          "maintenance_options": [],
          "metadata_options": [],
          "network_interface": [],
          "private_dns_name_options": [],
          "root_block_device": [],
          "secondary_private_ips": [],
          "security_groups": [],
          "tags": {},
          "tags_all": {},
          "timeouts": {},
          "vpc_security_group_ids": []
        }
      }
    },
    {
      "address": "module.kub-workers.aws_instance.kub_worker[0]",
      "module_address": "module.kub-workers",
      "mode": "managed",
      "type": "aws_instance",
      "name": "kub_worker",
      "index": 0,
      "provider_name": "registry.terraform.io/hashicorp/aws",
      "change": {
        "actions": [
          "create"
        ],
        "before": null,
        "after": {
          "ami": "ami-08086ff84658b5773",
          "credit_specification": [],
          "get_password_data": false,
          "hibernation": null,
          "instance_type": "t2.medium",
          "launch_template": [],
          "private_ip": "10.0.5.102",
          "source_dest_check": true,
          "tags": {
            "Name": "kub_worker 0",
            "Type": "private"
          },
          "tags_all": {
            "Name": "kub_worker 0",
            "Type": "private"
          },
          "timeouts": {
            "create": "15m",
            "delete": "20m",
            "update": null
          },
          "user_data_replace_on_change": false,
          "volume_tags": null
        },
        "after_unknown": {
          "arn": true,
          "associate_public_ip_address": true,
          "availability_zone": true,
          "capacity_reservation_specification": true,
          "cpu_core_count": true,
          "cpu_options": true,
          "cpu_threads_per_core": true,
          "credit_specification": [],
          "disable_api_stop": true,
          "disable_api_termination": true,
          "ebs_block_device": true,
          "ebs_optimized": true,
          "enclave_options": true,
          "ephemeral_block_device": true,
          "host_id": true,
          "host_resource_group_arn": true,
          "iam_instance_profile": true,
          "id": true,
          "instance_initiated_shutdown_behavior": true,
          "instance_state": true,
          "ipv6_address_count": true,
          "ipv6_addresses": true,
          "key_name": true,
          "launch_template": [],
          "maintenance_options": true,
          "metadata_options": true,
          "monitoring": true,
          "network_interface": true,
          "outpost_arn": true,
          "password_data": true,
          "placement_group": true,
          "placement_partition_number": true,
          "primary_network_interface_id": true,
          "private_dns": true,
          "private_dns_name_options": true,
          "public_dns": true,
          "public_ip": true,
          "root_block_device": true,
          "secondary_private_ips": true,
          "security_groups": true,
          "subnet_id": true,
          "tags": {},
          "tags_all": {},
          "tenancy": true,
          "timeouts": {},
          "user_data": true,
          "user_data_base64": true,
          "vpc_security_group_ids": true
        },
        "before_sensitive": false,
        "after_sensitive": {
          "capacity_reservation_specification": [],
          "cpu_options": [],
          "credit_specification": [],
          "ebs_block_device": [],
          "enclave_options": [],
          "ephemeral_block_device": [],
          "ipv6_addresses": [],
          "launch_template": [],
          "maintenance_options": [],
          "metadata_options": [],
          "network_interface": [],
          "private_dns_name_options": [],
          "root_block_device": [],
          "secondary_private_ips": [],
          "security_groups": [],
          "tags": {},
          "tags_all": {},
          "timeouts": {},
          "vpc_security_group_ids": []
        }
      }
    },
    {
      "address": "module.kub-workers.aws_instance.kub_worker[1]",
      "module_address": "module.kub-workers",
      "mode": "managed",
      "type": "aws_instance",
      "name": "kub_worker",
      "index": 1,
      "provider_name": "registry.terraform.io/hashicorp/aws",
      "change": {
        "actions": [
          "create"
        ],
        "before": null,
        "after": {
          "ami": "ami-08086ff84658b5773",
          "credit_specification": [],
          "get_password_data": false,
          "hibernation": null,
          "instance_type": "t2.medium",
          "launch_template": [],
          "private_ip": "10.0.5.103",
          "source_dest_check": true,
          "tags": {
            "Name": "kub_worker 1",
            "Type": "private"
          },
          "tags_all": {
            "Name": "kub_worker 1",
            "Type": "private"
          },
          "timeouts": {
            "create": "15m",
            "delete": "20m",
            "update": null
          },
          "user_data_replace_on_change": false,
          "volume_tags": null
        },
        "after_unknown": {
          "arn": true,
          "associate_public_ip_address": true,
          "availability_zone": true,
          "capacity_reservation_specification": true,
          "cpu_core_count": true,
          "cpu_options": true,
          "cpu_threads_per_core": true,
          "credit_specification": [],
          "disable_api_stop": true,
          "disable_api_termination": true,
          "ebs_block_device": true,
          "ebs_optimized": true,
          "enclave_options": true,
          "ephemeral_block_device": true,
          "host_id": true,
          "host_resource_group_arn": true,
          "iam_instance_profile": true,
          "id": true,
          "instance_initiated_shutdown_behavior": true,
          "instance_state": true,
          "ipv6_address_count": true,
          "ipv6_addresses": true,
          "key_name": true,
          "launch_template": [],
          "maintenance_options": true,
          "metadata_options": true,
          "monitoring": true,
          "network_interface": true,
          "outpost_arn": true,
          "password_data": true,
          "placement_group": true,
          "placement_partition_number": true,
          "primary_network_interface_id": true,
          "private_dns": true,
          "private_dns_name_options": true,
          "public_dns": true,
          "public_ip": true,
          "root_block_device": true,
          "secondary_private_ips": true,
          "security_groups": true,
          "subnet_id": true,
          "tags": {},
          "tags_all": {},
          "tenancy": true,
          "timeouts": {},
          "user_data": true,
          "user_data_base64": true,
          "vpc_security_group_ids": true
        },
        "before_sensitive": false,
        "after_sensitive": {
          "capacity_reservation_specification": [],
          "cpu_options": [],
          "credit_specification": [],
          "ebs_block_device": [],
          "enclave_options": [],
          "ephemeral_block_device": [],
          "ipv6_addresses": [],
          "launch_template": [],
          "maintenance_options": [],
          "metadata_options": [],
          "network_interface": [],
          "private_dns_name_options": [],
          "root_block_device": [],
          "secondary_private_ips": [],
          "security_groups": [],
          "tags": {},
          "tags_all": {},
          "timeouts": {},
          "vpc_security_group_ids": []
        }
      }
    },
    {
      "address": "module.kub-workers.aws_security_group.sg_kub_workers",
      "module_address": "module.kub-workers",
      "mode": "managed",
      "type": "aws_security_group",
      "name": "sg_kub_workers",
      "provider_name": "registry.terraform.io/hashicorp/aws",
      "change": {
        "actions": [
          "create"
        ],
        "before": null,
        "after": {
          "description": "aws-kube-sandbox kub-workers",
          "name": "sg_kub_workers",
          "revoke_rules_on_delete": false,
          "tags": {
            "Name": "aws-kube-sandbox kub-workers"
          },
          "tags_all": {
            "Name": "aws-kube-sandbox kub-workers"
          },
          "timeouts": null
        },
        "after_unknown": {
          "arn": true,
          "egress": true,
          "id": true,
          "ingress": true,
          "name_prefix": true,
          "owner_id": true,
          "tags": {},
          "tags_all": {},
          "vpc_id": true
        },
        "before_sensitive": false,
        "after_sensitive": {
          "egress": [],
          "ingress": [],
          "tags": {},
          "tags_all": {}
        }
      }
    },
    {
      "address": "module.kub-workers.aws_vpc_security_group_egress_rule.egress_all_kub_sg",
      "module_address": "module.kub-workers",
      "mode": "managed",
      "type": "aws_vpc_security_group_egress_rule",
      "name": "egress_all_kub_sg",
      "provider_name": "registry.terraform.io/hashicorp/aws",
      "change": {
        "actions": [
          "create"
        ],
        "before": null,
        "after": {
          "cidr_ipv4": null,
          "cidr_ipv6": null,
          "description": "egress_all_kub_sg",
          "from_port": null,
          "ip_protocol": "-1",
          "prefix_list_id": null,
          "tags": {
            "Name": "aws-kube-sandbox kub-workers"
          },
          "tags_all": {
            "Name": "aws-kube-sandbox kub-workers"
          },
          "to_port": null
        },
        "after_unknown": {
          "arn": true,
          "id": true,
          "referenced_security_group_id": true,
          "security_group_id": true,
          "security_group_rule_id": true,
          "tags": {},
          "tags_all": {}
        },
        "before_sensitive": false,
        "after_sensitive": {
          "tags": {},
          "tags_all": {}
        }
      }
    },
    {
      "address": "module.kub-workers.aws_vpc_security_group_egress_rule.egress_ipv4_443",
      "module_address": "module.kub-workers",
      "mode": "managed",
      "type": "aws_vpc_security_group_egress_rule",
      "name": "egress_ipv4_443",
      "provider_name": "registry.terraform.io/hashicorp/aws",
      "change": {
        "actions": [
          "create"
        ],
        "before": null,
        "after": {
          "cidr_ipv4": "0.0.0.0/0",
          "cidr_ipv6": null,
          "description": "egress_ipv4_443",
          "from_port": 443,
          "ip_protocol": "tcp",
          "prefix_list_id": null,
          "referenced_security_group_id": null,
          "tags": {
            "Name": "aws-kube-sandbox kub-workers"
          },
          "tags_all": {
            "Name": "aws-kube-sandbox kub-workers"
          },
          "to_port": 443
        },
        "after_unknown": {
          "arn": true,
          "id": true,
          "security_group_id": true,
          "security_group_rule_id": true,
          "tags": {},
          "tags_all": {}
        },
        "before_sensitive": false,
        "after_sensitive": {
          "tags": {},
          "tags_all": {}
        }
      }
    },
    {
      "address": "module.kub-workers.aws_vpc_security_group_egress_rule.egress_ipv4_80",
      "module_address": "module.kub-workers",
      "mode": "managed",
      "type": "aws_vpc_security_group_egress_rule",
      "name": "egress_ipv4_80",
      "provider_name": "registry.terraform.io/hashicorp/aws",
      "change": {
        "actions": [
          "create"
        ],
        "before": null,
        "after": {
          "cidr_ipv4": "0.0.0.0/0",
          "cidr_ipv6": null,
          "description": "egress_ipv4_80",
          "from_port": 80,
          "ip_protocol": "tcp",
          "prefix_list_id": null,
          "referenced_security_group_id": null,
          "tags": {
            "Name": "aws-kube-sandbox kub-workers"
          },
          "tags_all": {
            "Name": "aws-kube-sandbox kub-workers"
          },
          "to_port": 80
        },
        "after_unknown": {
          "arn": true,
          "id": true,
          "security_group_id": true,
          "security_group_rule_id": true,
          "tags": {},
          "tags_all": {}
        },
        "before_sensitive": false,
        "after_sensitive": {
          "tags": {},
          "tags_all": {}
        }
      }
    },
    {
      "address": "module.kub-workers.aws_vpc_security_group_egress_rule.egress_ipv4_icmp",
      "module_address": "module.kub-workers",
      "mode": "managed",
      "type": "aws_vpc_security_group_egress_rule",
      "name": "egress_ipv4_icmp",
      "provider_name": "registry.terraform.io/hashicorp/aws",
      "change": {
        "actions": [
          "create"
        ],
        "before": null,
        "after": {
          "cidr_ipv4": "0.0.0.0/0",
          "cidr_ipv6": null,
          "description": "egress_ipv4_icmp",
          "from_port": -1,
          "ip_protocol": "icmp",
          "prefix_list_id": null,
          "referenced_security_group_id": null,
          "tags": {
            "Name": "aws-kube-sandbox kub-workers"
          },
          "tags_all": {
            "Name": "aws-kube-sandbox kub-workers"
          },
          "to_port": -1
        },
        "after_unknown": {
          "arn": true,
          "id": true,
          "security_group_id": true,
          "security_group_rule_id": true,
          "tags": {},
          "tags_all": {}
        },
        "before_sensitive": false,
        "after_sensitive": {
          "tags": {},
          "tags_all": {}
        }
      }
    },
    {
      "address": "module.kub-workers.aws_vpc_security_group_egress_rule.egress_ipv6_443",
      "module_address": "module.kub-workers",
      "mode": "managed",
      "type": "aws_vpc_security_group_egress_rule",
      "name": "egress_ipv6_443",
      "provider_name": "registry.terraform.io/hashicorp/aws",
      "change": {
        "actions": [
          "create"
        ],
        "before": null,
        "after": {
          "cidr_ipv4": null,
          "cidr_ipv6": "::/0",
          "description": "egress_ipv6_443",
          "from_port": 443,
          "ip_protocol": "tcp",
          "prefix_list_id": null,
          "referenced_security_group_id": null,
          "tags": {
            "Name": "aws-kube-sandbox kub-workers"
          },
          "tags_all": {
            "Name": "aws-kube-sandbox kub-workers"
          },
          "to_port": 443
        },
        "after_unknown": {
          "arn": true,
          "id": true,
          "security_group_id": true,
          "security_group_rule_id": true,
          "tags": {},
          "tags_all": {}
        },
        "before_sensitive": false,
        "after_sensitive": {
          "tags": {},
          "tags_all": {}
        }
      }
    },
    {
      "address": "module.kub-workers.aws_vpc_security_group_egress_rule.egress_ipv6_80",
      "module_address": "module.kub-workers",
      "mode": "managed",
      "type": "aws_vpc_security_group_egress_rule",
      "name": "egress_ipv6_80",
      "provider_name": "registry.terraform.io/hashicorp/aws",
      "change": {
        "actions": [
          "create"
        ],
        "before": null,
        "after": {
          "cidr_ipv4": null,
          "cidr_ipv6": "::/0",
          "description": "egress_ipv6_80 ",
          "from_port": 80,
          "ip_protocol": "tcp",
          "prefix_list_id": null,
          "referenced_security_group_id": null,
          "tags": {
            "Name": "aws-kube-sandbox kub-workers"
          },
          "tags_all": {
            "Name": "aws-kube-sandbox kub-workers"
          },
          "to_port": 80
        },
        "after_unknown": {
          "arn": true,
          "id": true,
          "security_group_id": true,
          "security_group_rule_id": true,
          "tags": {},
          "tags_all": {}
        },
        "before_sensitive": false,
        "after_sensitive": {
          "tags": {},
          "tags_all": {}
        }
      }
    },
    {
      "address": "module.kub-workers.aws_vpc_security_group_egress_rule.egress_ipv6_icmp",
      "module_address": "module.kub-workers",
      "mode": "managed",
      "type": "aws_vpc_security_group_egress_rule",
      "name": "egress_ipv6_icmp",
      "provider_name": "registry.terraform.io/hashicorp/aws",
      "change": {
        "actions": [
          "create"
        ],
        "before": null,
        "after": {
          "cidr_ipv4": null,
          "cidr_ipv6": "::/0",
          "description": "egress_ipv6_icmp",
          "from_port": -1,
          "ip_protocol": "icmpv6",
          "prefix_list_id": null,
          "referenced_security_group_id": null,
          "tags": {
            "Name": "aws-kube-sandbox kub-workers"
          },
          "tags_all": {
            "Name": "aws-kube-sandbox kub-workers"
          },
          "to_port": -1
        },
        "after_unknown": {
          "arn": true,
          "id": true,
          "security_group_id": true,
          "security_group_rule_id": true,
          "tags": {},
          "tags_all": {}
        },
        "before_sensitive": false,
        "after_sensitive": {
          "tags": {},
          "tags_all": {}
        }
      }
    },
    {
      "address": "module.kub-workers.aws_vpc_security_group_ingress_rule.ingress_all_kub_sg",
      "module_address": "module.kub-workers",
      "mode": "managed",
      "type": "aws_vpc_security_group_ingress_rule",
      "name": "ingress_all_kub_sg",
      "provider_name": "registry.terraform.io/hashicorp/aws",
      "change": {
        "actions": [
          "create"
        ],
        "before": null,
        "after": {
          "cidr_ipv4": null,
          "cidr_ipv6": null,
          "description": "ingress_all_kub_sg",
          "from_port": null,
          "ip_protocol": "-1",
          "prefix_list_id": null,
          "tags": {
            "Name": "aws-kube-sandbox kub-workers"
          },
          "tags_all": {
            "Name": "aws-kube-sandbox kub-workers"
          },
          "to_port": null
        },
        "after_unknown": {
          "arn": true,
          "id": true,
          "referenced_security_group_id": true,
          "security_group_id": true,
          "security_group_rule_id": true,
          "tags": {},
          "tags_all": {}
        },
        "before_sensitive": false,
        "after_sensitive": {
          "tags": {},
          "tags_all": {}
        }
      }
    },
    {
      "address": "module.kub-workers.aws_vpc_security_group_ingress_rule.ingress_icmp_bastion_sg",
      "module_address": "module.kub-workers",
      "mode": "managed",
      "type": "aws_vpc_security_group_ingress_rule",
      "name": "ingress_icmp_bastion_sg",
      "provider_name": "registry.terraform.io/hashicorp/aws",
      "change": {
        "actions": [
          "create"
        ],
        "before": null,
        "after": {
          "cidr_ipv4": null,
          "cidr_ipv6": null,
          "description": "ingress_icmp_bastion_sg",
          "from_port": -1,
          "ip_protocol": "icmp",
          "prefix_list_id": null,
          "tags": {
            "Name": "aws-kube-sandbox kub-workers"
          },
          "tags_all": {
            "Name": "aws-kube-sandbox kub-workers"
          },
          "to_port": -1
        },
        "after_unknown": {
          "arn": true,
          "id": true,
          "referenced_security_group_id": true,
          "security_group_id": true,
          "security_group_rule_id": true,
          "tags": {},
          "tags_all": {}
        },
        "before_sensitive": false,
        "after_sensitive": {
          "tags": {},
          "tags_all": {}
        }
      }
    },
    {
      "address": "module.kub-workers.aws_vpc_security_group_ingress_rule.ingress_ssh_bastion_sg",
      "module_address": "module.kub-workers",
      "mode": "managed",
      "type": "aws_vpc_security_group_ingress_rule",
      "name": "ingress_ssh_bastion_sg",
      "provider_name": "registry.terraform.io/hashicorp/aws",
      "change": {
        "actions": [
          "create"
        ],
        "before": null,
        "after": {
          "cidr_ipv4": null,
          "cidr_ipv6": null,
          "description": "ingress_ssh_bastion_sg",
          "from_port": 22,
          "ip_protocol": "tcp",
          "prefix_list_id": null,
          "tags": {
            "Name": "aws-kube-sandbox kub-workers"
          },
          "tags_all": {
            "Name": "aws-kube-sandbox kub-workers"
          },
          "to_port": 22
        },
        "after_unknown": {
          "arn": true,
          "id": true,
          "referenced_security_group_id": true,
          "security_group_id": true,
          "security_group_rule_id": true,
          "tags": {},
          "tags_all": {}
        },
        "before_sensitive": false,
        "after_sensitive": {
          "tags": {},
          "tags_all": {}
        }
      }
    },
    {
      "address": "module.network.aws_default_security_group.default",
      "module_address": "module.network",
      "mode": "managed",
      "type": "aws_default_security_group",
      "name": "default",
      "provider_name": "registry.terraform.io/hashicorp/aws",
      "change": {
        "actions": [
          "create"
        ],
        "before": null,
        "after": {
          "revoke_rules_on_delete": false,
          "tags": {
            "Name": "aws-kube-sandbox default"
          },
          "tags_all": {
            "Name": "aws-kube-sandbox default"
          }
        },
        "after_unknown": {
          "arn": true,
          "description": true,
          "egress": true,
          "id": true,
          "ingress": true,
          "name": true,
          "name_prefix": true,
          "owner_id": true,
          "tags": {},
          "tags_all": {},
          "vpc_id": true
        },
        "before_sensitive": false,
        "after_sensitive": {
          "egress": [],
          "ingress": [],
          "tags": {},
          "tags_all": {}
        }
      }
    },
    {
      "address": "module.network.aws_egress_only_internet_gateway.eigw_ipv6",
      "module_address": "module.network",
      "mode": "managed",
      "type": "aws_egress_only_internet_gateway",
      "name": "eigw_ipv6",
      "provider_name": "registry.terraform.io/hashicorp/aws",
      "change": {
        "actions": [
          "create"
        ],
        "before": null,
        "after": {
          "tags": {
            "Name": "aws-kube-sandbox"
          },
          "tags_all": {
            "Name": "aws-kube-sandbox"
          }
        },
        "after_unknown": {
          "id": true,
          "tags": {},
          "tags_all": {},
          "vpc_id": true
        },
        "before_sensitive": false,
        "after_sensitive": {
          "tags": {},
          "tags_all": {}
        }
      }
    },
    {
      "address": "module.network.aws_eip.sn_nat_eip",
      "module_address": "module.network",
      "mode": "managed",
      "type": "aws_eip",
      "name": "sn_nat_eip",
      "provider_name": "registry.terraform.io/hashicorp/aws",
      "change": {
        "actions": [
          "create"
        ],
        "before": null,
        "after": {
          "address": null,
          "associate_with_private_ip": null,
          "customer_owned_ipv4_pool": null,
          "tags": null,
          "timeouts": null,
          "vpc": true
        },
        "after_unknown": {
          "allocation_id": true,
          "association_id": true,
          "carrier_ip": true,
          "customer_owned_ip": true,
          "domain": true,
          "id": true,
          "instance": true,
          "network_border_group": true,
          "network_interface": true,
          "private_dns": true,
          "private_ip": true,
          "public_dns": true,
          "public_ip": true,
          "public_ipv4_pool": true,
          "tags_all": true
        },
        "before_sensitive": false,
        "after_sensitive": {
          "tags_all": {}
        }
      }
    },
    {
      "address": "module.network.aws_internet_gateway.internet_gateway",
      "module_address": "module.network",
      "mode": "managed",
      "type": "aws_internet_gateway",
      "name": "internet_gateway",
      "provider_name": "registry.terraform.io/hashicorp/aws",
      "change": {
        "actions": [
          "create"
        ],
        "before": null,
        "after": {
          "tags": {
            "Name": "aws-kube-sandbox"
          },
          "tags_all": {
            "Name": "aws-kube-sandbox"
          },
          "timeouts": null
        },
        "after_unknown": {
          "arn": true,
          "id": true,
          "owner_id": true,
          "tags": {},
          "tags_all": {},
          "vpc_id": true
        },
        "before_sensitive": false,
        "after_sensitive": {
          "tags": {},
          "tags_all": {}
        }
      }
    },
    {
      "address": "module.network.aws_nat_gateway.sn_nat_gw",
      "module_address": "module.network",
      "mode": "managed",
      "type": "aws_nat_gateway",
      "name": "sn_nat_gw",
      "provider_name": "registry.terraform.io/hashicorp/aws",
      "change": {
        "actions": [
          "create"
        ],
        "before": null,
        "after": {
          "connectivity_type": "public",
          "tags": {
            "Name": "aws-kube-sandbox"
          },
          "tags_all": {
            "Name": "aws-kube-sandbox"
          }
        },
        "after_unknown": {
          "allocation_id": true,
          "association_id": true,
          "id": true,
          "network_interface_id": true,
          "private_ip": true,
          "public_ip": true,
          "subnet_id": true,
          "tags": {},
          "tags_all": {}
        },
        "before_sensitive": false,
        "after_sensitive": {
          "tags": {},
          "tags_all": {}
        }
      }
    },
    {
      "address": "module.network.aws_network_acl.bastion",
      "module_address": "module.network",
      "mode": "managed",
      "type": "aws_network_acl",
      "name": "bastion",
      "provider_name": "registry.terraform.io/hashicorp/aws",
      "change": {
        "actions": [
          "create"
        ],
        "before": null,
        "after": {
          "egress": [
            {
              "action": "allow",
              "cidr_block": "",
              "from_port": 0,
              "icmp_code": -1,
              "icmp_type": -1,
              "ipv6_cidr_block": "::/0",
              "protocol": "ipv6-icmp",
              "rule_no": 110,
              "to_port": 0
            },
            {
              "action": "allow",
              "cidr_block": "",
              "from_port": 1024,
              "icmp_code": null,
              "icmp_type": null,
              "ipv6_cidr_block": "::/0",
              "protocol": "tcp",
              "rule_no": 170,
              "to_port": 65535
            },
            {
              "action": "allow",
              "cidr_block": "",
              "from_port": 22,
              "icmp_code": null,
              "icmp_type": null,
              "ipv6_cidr_block": "::/0",
              "protocol": "tcp",
              "rule_no": 130,
              "to_port": 22
            },
            {
              "action": "allow",
              "cidr_block": "",
              "from_port": 80,
              "icmp_code": null,
              "icmp_type": null,
              "ipv6_cidr_block": "::/0",
              "protocol": "tcp",
              "rule_no": 150,
              "to_port": 80
            },
            {
              "action": "allow",
              "cidr_block": "0.0.0.0/0",
              "from_port": 0,
              "icmp_code": -1,
              "icmp_type": -1,
              "ipv6_cidr_block": "",
              "protocol": "icmp",
              "rule_no": 100,
              "to_port": 0
            },
            {
              "action": "allow",
              "cidr_block": "0.0.0.0/0",
              "from_port": 1024,
              "icmp_code": null,
              "icmp_type": null,
              "ipv6_cidr_block": "",
              "protocol": "tcp",
              "rule_no": 160,
              "to_port": 65535
            },
            {
              "action": "allow",
              "cidr_block": "0.0.0.0/0",
              "from_port": 22,
              "icmp_code": null,
              "icmp_type": null,
              "ipv6_cidr_block": "",
              "protocol": "tcp",
              "rule_no": 120,
              "to_port": 22
            },
            {
              "action": "allow",
              "cidr_block": "0.0.0.0/0",
              "from_port": 80,
              "icmp_code": null,
              "icmp_type": null,
              "ipv6_cidr_block": "",
              "protocol": "tcp",
              "rule_no": 140,
              "to_port": 80
            }
          ],
          "ingress": [
            {
              "action": "allow",
              "cidr_block": "",
              "from_port": 0,
              "icmp_code": -1,
              "icmp_type": -1,
              "ipv6_cidr_block": "::/0",
              "protocol": "ipv6-icmp",
              "rule_no": 130,
              "to_port": 0
            },
            {
              "action": "allow",
              "cidr_block": "",
              "from_port": 1024,
              "icmp_code": null,
              "icmp_type": null,
              "ipv6_cidr_block": "::/0",
              "protocol": "tcp",
              "rule_no": 160,
              "to_port": 65535
            },
            {
              "action": "allow",
              "cidr_block": "",
              "from_port": 22,
              "icmp_code": null,
              "icmp_type": null,
              "ipv6_cidr_block": "2a04:c603:815:1::3/128",
              "protocol": "tcp",
              "rule_no": 100,
              "to_port": 22
            },
            {
              "action": "allow",
              "cidr_block": "0.0.0.0/0",
              "from_port": 0,
              "icmp_code": -1,
              "icmp_type": -1,
              "ipv6_cidr_block": "",
              "protocol": "icmp",
              "rule_no": 120,
              "to_port": 0
            },
            {
              "action": "allow",
              "cidr_block": "0.0.0.0/0",
              "from_port": 1024,
              "icmp_code": null,
              "icmp_type": null,
              "ipv6_cidr_block": "",
              "protocol": "tcp",
              "rule_no": 150,
              "to_port": 65535
            },
            {
              "action": "allow",
              "cidr_block": "10.0.5.0/24",
              "from_port": 0,
              "icmp_code": -1,
              "icmp_type": -1,
              "ipv6_cidr_block": "",
              "protocol": "icmp",
              "rule_no": 140,
              "to_port": 0
            },
            {
              "action": "allow",
              "cidr_block": "10.0.5.0/24",
              "from_port": 80,
              "icmp_code": null,
              "icmp_type": null,
              "ipv6_cidr_block": "",
              "protocol": "tcp",
              "rule_no": 170,
              "to_port": 80
            },
            {
              "action": "allow",
              "cidr_block": "138.128.136.167/32",
              "from_port": 22,
              "icmp_code": null,
              "icmp_type": null,
              "ipv6_cidr_block": "",
              "protocol": "tcp",
              "rule_no": 110,
              "to_port": 22
            }
          ],
          "tags": {
            "Name": "aws-kube-sandbox bastion"
          },
          "tags_all": {
            "Name": "aws-kube-sandbox bastion"
          }
        },
        "after_unknown": {
          "arn": true,
          "egress": [
            {},
            {},
            {},
            {},
            {},
            {},
            {},
            {}
          ],
          "id": true,
          "ingress": [
            {},
            {},
            {},
            {},
            {},
            {},
            {},
            {}
          ],
          "owner_id": true,
          "subnet_ids": true,
          "tags": {},
          "tags_all": {},
          "vpc_id": true
        },
        "before_sensitive": false,
        "after_sensitive": {
          "egress": [
            {},
            {},
            {},
            {},
            {},
            {},
            {},
            {}
          ],
          "ingress": [
            {},
            {},
            {},
            {},
            {},
            {},
            {},
            {}
          ],
          "subnet_ids": [],
          "tags": {},
          "tags_all": {}
        }
      }
    },
    {
      "address": "module.network.aws_network_acl.kub_workers",
      "module_address": "module.network",
      "mode": "managed",
      "type": "aws_network_acl",
      "name": "kub_workers",
      "provider_name": "registry.terraform.io/hashicorp/aws",
      "change": {
        "actions": [
          "create"
        ],
        "before": null,
        "after": {
          "egress": [
            {
              "action": "allow",
              "cidr_block": "",
              "from_port": 0,
              "icmp_code": -1,
              "icmp_type": -1,
              "ipv6_cidr_block": "::/0",
              "protocol": "ipv6-icmp",
              "rule_no": 210,
              "to_port": 0
            },
            {
              "action": "allow",
              "cidr_block": "",
              "from_port": 1024,
              "icmp_code": null,
              "icmp_type": null,
              "ipv6_cidr_block": "::/0",
              "protocol": "tcp",
              "rule_no": 250,
              "to_port": 65535
            },
            {
              "action": "allow",
              "cidr_block": "",
              "from_port": 80,
              "icmp_code": null,
              "icmp_type": null,
              "ipv6_cidr_block": "::/0",
              "protocol": "tcp",
              "rule_no": 230,
              "to_port": 80
            },
            {
              "action": "allow",
              "cidr_block": "0.0.0.0/0",
              "from_port": 0,
              "icmp_code": -1,
              "icmp_type": -1,
              "ipv6_cidr_block": "",
              "protocol": "icmp",
              "rule_no": 200,
              "to_port": 0
            },
            {
              "action": "allow",
              "cidr_block": "0.0.0.0/0",
              "from_port": 1024,
              "icmp_code": null,
              "icmp_type": null,
              "ipv6_cidr_block": "",
              "protocol": "tcp",
              "rule_no": 240,
              "to_port": 65535
            },
            {
              "action": "allow",
              "cidr_block": "0.0.0.0/0",
              "from_port": 80,
              "icmp_code": null,
              "icmp_type": null,
              "ipv6_cidr_block": "",
              "protocol": "tcp",
              "rule_no": 220,
              "to_port": 80
            }
          ],
          "ingress": [
            {
              "action": "allow",
              "cidr_block": "",
              "from_port": 0,
              "icmp_code": -1,
              "icmp_type": -1,
              "ipv6_cidr_block": "::/0",
              "protocol": "ipv6-icmp",
              "rule_no": 130,
              "to_port": 0
            },
            {
              "action": "allow",
              "cidr_block": "",
              "from_port": 1024,
              "icmp_code": null,
              "icmp_type": null,
              "ipv6_cidr_block": "::/0",
              "protocol": "tcp",
              "rule_no": 150,
              "to_port": 65535
            },
            {
              "action": "allow",
              "cidr_block": "0.0.0.0/0",
              "from_port": 0,
              "icmp_code": -1,
              "icmp_type": -1,
              "ipv6_cidr_block": "",
              "protocol": "icmp",
              "rule_no": 120,
              "to_port": 0
            },
            {
              "action": "allow",
              "cidr_block": "0.0.0.0/0",
              "from_port": 1024,
              "icmp_code": null,
              "icmp_type": null,
              "ipv6_cidr_block": "",
              "protocol": "tcp",
              "rule_no": 140,
              "to_port": 65535
            },
            {
              "action": "allow",
              "cidr_block": "10.0.3.0/28",
              "from_port": 0,
              "icmp_code": -1,
              "icmp_type": -1,
              "ipv6_cidr_block": "",
              "protocol": "icmp",
              "rule_no": 100,
              "to_port": 0
            },
            {
              "action": "allow",
              "cidr_block": "10.0.3.0/28",
              "from_port": 22,
              "icmp_code": null,
              "icmp_type": null,
              "ipv6_cidr_block": "",
              "protocol": "tcp",
              "rule_no": 110,
              "to_port": 22
            }
          ],
          "tags": {
            "Name": "aws-kube-sandbox kub workers"
          },
          "tags_all": {
            "Name": "aws-kube-sandbox kub workers"
          }
        },
        "after_unknown": {
          "arn": true,
          "egress": [
            {},
            {},
            {},
            {},
            {},
            {}
          ],
          "id": true,
          "ingress": [
            {},
            {},
            {},
            {},
            {},
            {}
          ],
          "owner_id": true,
          "subnet_ids": true,
          "tags": {},
          "tags_all": {},
          "vpc_id": true
        },
        "before_sensitive": false,
        "after_sensitive": {
          "egress": [
            {},
            {},
            {},
            {},
            {},
            {}
          ],
          "ingress": [
            {},
            {},
            {},
            {},
            {},
            {}
          ],
          "subnet_ids": [],
          "tags": {},
          "tags_all": {}
        }
      }
    },
    {
      "address": "module.network.aws_network_acl_association.bastion",
      "module_address": "module.network",
      "mode": "managed",
      "type": "aws_network_acl_association",
      "name": "bastion",
      "provider_name": "registry.terraform.io/hashicorp/aws",
      "change": {
        "actions": [
          "create"
        ],
        "before": null,
        "after": {},
        "after_unknown": {
          "id": true,
          "network_acl_id": true,
          "subnet_id": true
        },
        "before_sensitive": false,
        "after_sensitive": {}
      }
    },
    {
      "address": "module.network.aws_network_acl_association.kub_workers",
      "module_address": "module.network",
      "mode": "managed",
      "type": "aws_network_acl_association",
      "name": "kub_workers",
      "provider_name": "registry.terraform.io/hashicorp/aws",
      "change": {
        "actions": [
          "create"
        ],
        "before": null,
        "after": {},
        "after_unknown": {
          "id": true,
          "network_acl_id": true,
          "subnet_id": true
        },
        "before_sensitive": false,
        "after_sensitive": {}
      }
    },
    {
      "address": "module.network.aws_route.kub_to_eigw",
      "module_address": "module.network",
      "mode": "managed",
      "type": "aws_route",
      "name": "kub_to_eigw",
      "provider_name": "registry.terraform.io/hashicorp/aws",
      "change": {
        "actions": [
          "create"
        ],
        "before": null,
        "after": {
          "carrier_gateway_id": null,
          "core_network_arn": null,
          "destination_cidr_block": null,
          "destination_ipv6_cidr_block": "::/0",
          "destination_prefix_list_id": null,
          "gateway_id": null,
          "local_gateway_id": null,
          "nat_gateway_id": null,
          "timeouts": null,
          "transit_gateway_id": null,
          "vpc_endpoint_id": null,
          "vpc_peering_connection_id": null
        },
        "after_unknown": {
          "egress_only_gateway_id": true,
          "id": true,
          "instance_id": true,
          "instance_owner_id": true,
          "network_interface_id": true,
          "origin": true,
          "route_table_id": true,
          "state": true
        },
        "before_sensitive": false,
        "after_sensitive": {}
      }
    },
    {
      "address": "module.network.aws_route.to_nat",
      "module_address": "module.network",
      "mode": "managed",
      "type": "aws_route",
      "name": "to_nat",
      "provider_name": "registry.terraform.io/hashicorp/aws",
      "change": {
        "actions": [
          "create"
        ],
        "before": null,
        "after": {
          "carrier_gateway_id": null,
          "core_network_arn": null,
          "destination_cidr_block": "0.0.0.0/0",
          "destination_ipv6_cidr_block": null,
          "destination_prefix_list_id": null,
          "egress_only_gateway_id": null,
          "gateway_id": null,
          "local_gateway_id": null,
          "timeouts": null,
          "transit_gateway_id": null,
          "vpc_endpoint_id": null,
          "vpc_peering_connection_id": null
        },
        "after_unknown": {
          "id": true,
          "instance_id": true,
          "instance_owner_id": true,
          "nat_gateway_id": true,
          "network_interface_id": true,
          "origin": true,
          "route_table_id": true,
          "state": true
        },
        "before_sensitive": false,
        "after_sensitive": {}
      }
    },
    {
      "address": "module.network.aws_route_table.public_rt",
      "module_address": "module.network",
      "mode": "managed",
      "type": "aws_route_table",
      "name": "public_rt",
      "provider_name": "registry.terraform.io/hashicorp/aws",
      "change": {
        "actions": [
          "create"
        ],
        "before": null,
        "after": {
          "route": [
            {
              "carrier_gateway_id": "",
              "cidr_block": "",
              "core_network_arn": "",
              "destination_prefix_list_id": "",
              "egress_only_gateway_id": "",
              "instance_id": "",
              "ipv6_cidr_block": "::/0",
              "local_gateway_id": "",
              "nat_gateway_id": "",
              "network_interface_id": "",
              "transit_gateway_id": "",
              "vpc_endpoint_id": "",
              "vpc_peering_connection_id": ""
            },
            {
              "carrier_gateway_id": "",
              "cidr_block": "0.0.0.0/0",
              "core_network_arn": "",
              "destination_prefix_list_id": "",
              "egress_only_gateway_id": "",
              "instance_id": "",
              "ipv6_cidr_block": "",
              "local_gateway_id": "",
              "nat_gateway_id": "",
              "network_interface_id": "",
              "transit_gateway_id": "",
              "vpc_endpoint_id": "",
              "vpc_peering_connection_id": ""
            }
          ],
          "tags": {
            "Name": "aws-kube-sandbox-public"
          },
          "tags_all": {
            "Name": "aws-kube-sandbox-public"
          },
          "timeouts": null
        },
        "after_unknown": {
          "arn": true,
          "id": true,
          "owner_id": true,
          "propagating_vgws": true,
          "route": [
            {
              "gateway_id": true
            },
            {
              "gateway_id": true
            }
          ],
          "tags": {},
          "tags_all": {},
          "vpc_id": true
        },
        "before_sensitive": false,
        "after_sensitive": {
          "propagating_vgws": [],
          "route": [
            {},
            {}
          ],
          "tags": {},
          "tags_all": {}
        }
      }
    },
    {
      "address": "module.network.aws_route_table.to_eigw_and_nat",
      "module_address": "module.network",
      "mode": "managed",
      "type": "aws_route_table",
      "name": "to_eigw_and_nat",
      "provider_name": "registry.terraform.io/hashicorp/aws",
      "change": {
        "actions": [
          "create"
        ],
        "before": null,
        "after": {
          "tags": {
            "Name": "aws-kube-sandbox-to-eigw-and-nat"
          },
          "tags_all": {
            "Name": "aws-kube-sandbox-to-eigw-and-nat"
          },
          "timeouts": null
        },
        "after_unknown": {
          "arn": true,
          "id": true,
          "owner_id": true,
          "propagating_vgws": true,
          "route": true,
          "tags": {},
          "tags_all": {},
          "vpc_id": true
        },
        "before_sensitive": false,
        "after_sensitive": {
          "propagating_vgws": [],
          "route": [],
          "tags": {},
          "tags_all": {}
        }
      }
    },
    {
      "address": "module.network.aws_route_table_association.kube_workers",
      "module_address": "module.network",
      "mode": "managed",
      "type": "aws_route_table_association",
      "name": "kube_workers",
      "provider_name": "registry.terraform.io/hashicorp/aws",
      "change": {
        "actions": [
          "create"
        ],
        "before": null,
        "after": {
          "gateway_id": null,
          "timeouts": null
        },
        "after_unknown": {
          "id": true,
          "route_table_id": true,
          "subnet_id": true
        },
        "before_sensitive": false,
        "after_sensitive": {}
      }
    },
    {
      "address": "module.network.aws_route_table_association.public_rta",
      "module_address": "module.network",
      "mode": "managed",
      "type": "aws_route_table_association",
      "name": "public_rta",
      "provider_name": "registry.terraform.io/hashicorp/aws",
      "change": {
        "actions": [
          "create"
        ],
        "before": null,
        "after": {
          "gateway_id": null,
          "timeouts": null
        },
        "after_unknown": {
          "id": true,
          "route_table_id": true,
          "subnet_id": true
        },
        "before_sensitive": false,
        "after_sensitive": {}
      }
    },
    {
      "address": "module.network.aws_subnet.sn_bastion",
      "module_address": "module.network",
      "mode": "managed",
      "type": "aws_subnet",
      "name": "sn_bastion",
      "provider_name": "registry.terraform.io/hashicorp/aws",
      "change": {
        "actions": [
          "create"
        ],
        "before": null,
        "after": {
          "assign_ipv6_address_on_creation": true,
          "availability_zone": "us-east-1b",
          "cidr_block": "10.0.3.0/28",
          "customer_owned_ipv4_pool": null,
          "enable_dns64": false,
          "enable_lni_at_device_index": null,
          "enable_resource_name_dns_a_record_on_launch": false,
          "enable_resource_name_dns_aaaa_record_on_launch": false,
          "ipv6_native": false,
          "map_customer_owned_ip_on_launch": null,
          "map_public_ip_on_launch": false,
          "outpost_arn": null,
          "tags": {
            "Name": "aws-kube-sandbox-bastion"
          },
          "tags_all": {
            "Name": "aws-kube-sandbox-bastion"
          },
          "timeouts": null
        },
        "after_unknown": {
          "arn": true,
          "availability_zone_id": true,
          "id": true,
          "ipv6_cidr_block": true,
          "ipv6_cidr_block_association_id": true,
          "owner_id": true,
          "private_dns_hostname_type_on_launch": true,
          "tags": {},
          "tags_all": {},
          "vpc_id": true
        },
        "before_sensitive": false,
        "after_sensitive": {
          "tags": {},
          "tags_all": {}
        }
      }
    },
    {
      "address": "module.network.aws_subnet.sn_kub_workers",
      "module_address": "module.network",
      "mode": "managed",
      "type": "aws_subnet",
      "name": "sn_kub_workers",
      "provider_name": "registry.terraform.io/hashicorp/aws",
      "change": {
        "actions": [
          "create"
        ],
        "before": null,
        "after": {
          "assign_ipv6_address_on_creation": true,
          "availability_zone": "us-east-1b",
          "cidr_block": "10.0.5.0/24",
          "customer_owned_ipv4_pool": null,
          "enable_dns64": false,
          "enable_lni_at_device_index": null,
          "enable_resource_name_dns_a_record_on_launch": false,
          "enable_resource_name_dns_aaaa_record_on_launch": false,
          "ipv6_native": false,
          "map_customer_owned_ip_on_launch": null,
          "map_public_ip_on_launch": false,
          "outpost_arn": null,
          "tags": {
            "Name": "aws-kube-sandbox-kub-workers"
          },
          "tags_all": {
            "Name": "aws-kube-sandbox-kub-workers"
          },
          "timeouts": null
        },
        "after_unknown": {
          "arn": true,
          "availability_zone_id": true,
          "id": true,
          "ipv6_cidr_block": true,
          "ipv6_cidr_block_association_id": true,
          "owner_id": true,
          "private_dns_hostname_type_on_launch": true,
          "tags": {},
          "tags_all": {},
          "vpc_id": true
        },
        "before_sensitive": false,
        "after_sensitive": {
          "tags": {},
          "tags_all": {}
        }
      }
    },
    {
      "address": "module.network.aws_vpc.kubernetes",
      "module_address": "module.network",
      "mode": "managed",
      "type": "aws_vpc",
      "name": "kubernetes",
      "provider_name": "registry.terraform.io/hashicorp/aws",
      "change": {
        "actions": [
          "create"
        ],
        "before": null,
        "after": {
          "assign_generated_ipv6_cidr_block": true,
          "cidr_block": "10.0.0.0/16",
          "enable_dns_support": true,
          "instance_tenancy": "default",
          "ipv4_ipam_pool_id": null,
          "ipv4_netmask_length": null,
          "ipv6_ipam_pool_id": null,
          "ipv6_netmask_length": null,
          "tags": {
            "Name": "aws-kube-sandbox"
          },
          "tags_all": {
            "Name": "aws-kube-sandbox"
          }
        },
        "after_unknown": {
          "arn": true,
          "default_network_acl_id": true,
          "default_route_table_id": true,
          "default_security_group_id": true,
          "dhcp_options_id": true,
          "enable_classiclink": true,
          "enable_classiclink_dns_support": true,
          "enable_dns_hostnames": true,
          "enable_network_address_usage_metrics": true,
          "id": true,
          "ipv6_association_id": true,
          "ipv6_cidr_block": true,
          "ipv6_cidr_block_network_border_group": true,
          "main_route_table_id": true,
          "owner_id": true,
          "tags": {},
          "tags_all": {}
        },
        "before_sensitive": false,
        "after_sensitive": {
          "tags": {},
          "tags_all": {}
        }
      }
    }
  ],
  "output_changes": {
    "bastion__output": {
      "actions": [
        "create"
      ],
      "before": null,
      "after": "============ Bastion output ==================",
      "after_unknown": false,
      "before_sensitive": false,
      "after_sensitive": false
    },
    "bastion_ipv6": {
      "actions": [
        "create"
      ],
      "before": null,
      "after_unknown": true,
      "before_sensitive": false,
      "after_sensitive": false
    },
    "bastion_private_ip": {
      "actions": [
        "create"
      ],
      "before": null,
      "after_unknown": true,
      "before_sensitive": false,
      "after_sensitive": false
    },
    "general__output": {
      "actions": [
        "create"
      ],
      "before": null,
      "after": "============ General output ==================",
      "after_unknown": false,
      "before_sensitive": false,
      "after_sensitive": false
    },
    "general_ami_vpc": {
      "actions": [
        "create"
      ],
      "before": null,
      "after_unknown": true,
      "before_sensitive": false,
      "after_sensitive": false
    },
    "general_ingress_ip_v4": {
      "actions": [
        "create"
      ],
      "before": null,
      "after": "138.128.136.167/32",
      "after_unknown": false,
      "before_sensitive": false,
      "after_sensitive": false
    },
    "general_ingress_ip_v6": {
      "actions": [
        "create"
      ],
      "before": null,
      "after": "2a04:c603:815:1::3/128",
      "after_unknown": false,
      "before_sensitive": false,
      "after_sensitive": false
    },
    "kub__output": {
      "actions": [
        "create"
      ],
      "before": null,
      "after": "============ Kub workers output ==================",
      "after_unknown": false,
      "before_sensitive": false,
      "after_sensitive": false
    },
    "kub_controller_private_ip": {
      "actions": [
        "create"
      ],
      "before": null,
      "after": "10.0.5.10",
      "after_unknown": false,
      "before_sensitive": false,
      "after_sensitive": false
    },
    "kub_worker_private_ip": {
      "actions": [
        "create"
      ],
      "before": null,
      "after": [
        "10.0.5.102",
        "10.0.5.103"
      ],
      "after_unknown": false,
      "before_sensitive": false,
      "after_sensitive": false
    },
    "sn_bastion": {
      "actions": [
        "create"
      ],
      "before": null,
      "after_unknown": true,
      "before_sensitive": false,
      "after_sensitive": false
    }
  },
  "prior_state": {
    "format_version": "1.0",
    "terraform_version": "1.5.7",
    "values": {
      "outputs": {
        "bastion__output": {
          "sensitive": false,
          "value": "============ Bastion output ==================",
          "type": "string"
        },
        "general__output": {
          "sensitive": false,
          "value": "============ General output ==================",
          "type": "string"
        },
        "general_ingress_ip_v4": {
          "sensitive": false,
          "value": "138.128.136.167/32",
          "type": "string"
        },
        "general_ingress_ip_v6": {
          "sensitive": false,
          "value": "2a04:c603:815:1::3/128",
          "type": "string"
        },
        "kub__output": {
          "sensitive": false,
          "value": "============ Kub workers output ==================",
          "type": "string"
        },
        "kub_controller_private_ip": {
          "sensitive": false,
          "value": "10.0.5.10",
          "type": "string"
        },
        "kub_worker_private_ip": {
          "sensitive": false,
          "value": [
            "10.0.5.102",
            "10.0.5.103"
          ],
          "type": [
            "tuple",
            [
              "string",
              "string"
            ]
          ]
        }
      },
      "root_module": {
        "resources": [
          {
            "address": "data.aws_ami.kube_controller_ami",
            "mode": "data",
            "type": "aws_ami",
            "name": "kube_controller_ami",
            "provider_name": "registry.terraform.io/hashicorp/aws",
            "schema_version": 0,
            "values": {
              "architecture": "x86_64",
              "arn": "arn:aws:ec2:us-east-1::image/ami-0ae4678168a1ce28b",
              "block_device_mappings": [
                {
                  "device_name": "/dev/sda1",
                  "ebs": {
                    "delete_on_termination": "true",
                    "encrypted": "false",
                    "iops": "0",
                    "snapshot_id": "snap-08cc12a6146040b05",
                    "throughput": "0",
                    "volume_size": "8",
                    "volume_type": "gp2"
                  },
                  "no_device": "",
                  "virtual_name": ""
                },
                {
                  "device_name": "/dev/sdb",
                  "ebs": {},
                  "no_device": "",
                  "virtual_name": "ephemeral0"
                },
                {
                  "device_name": "/dev/sdc",
                  "ebs": {},
                  "no_device": "",
                  "virtual_name": "ephemeral1"
                }
              ],
              "boot_mode": "",
              "creation_date": "2023-03-26T21:10:22.000Z",
              "deprecation_time": "",
              "description": "",
              "ena_support": true,
              "executable_users": null,
              "filter": [
                {
                  "name": "name",
                  "values": [
                    "kube-control-*"
                  ]
                },
                {
                  "name": "virtualization-type",
                  "values": [
                    "hvm"
                  ]
                }
              ],
              "hypervisor": "xen",
              "id": "ami-0ae4678168a1ce28b",
              "image_id": "ami-0ae4678168a1ce28b",
              "image_location": "685960513651/kube-control-2023-03-26",
              "image_owner_alias": "",
              "image_type": "machine",
              "imds_support": "",
              "include_deprecated": false,
              "kernel_id": "",
              "most_recent": true,
              "name": "kube-control-2023-03-26",
              "name_regex": null,
              "owner_id": "685960513651",
              "owners": [
                "self"
              ],
              "platform": "",
              "platform_details": "Linux/UNIX",
              "product_codes": [],
              "public": false,
              "ramdisk_id": "",
              "root_device_name": "/dev/sda1",
              "root_device_type": "ebs",
              "root_snapshot_id": "snap-08cc12a6146040b05",
              "sriov_net_support": "simple",
              "state": "available",
              "state_reason": {
                "code": "UNSET",
                "message": "UNSET"
              },
              "tags": {},
              "timeouts": null,
              "tpm_support": "",
              "usage_operation": "RunInstances",
              "virtualization_type": "hvm"
            },
            "sensitive_values": {
              "block_device_mappings": [
                {
                  "ebs": {}
                },
                {
                  "ebs": {}
                },
                {
                  "ebs": {}
                }
              ],
              "filter": [
                {
                  "values": [
                    false
                  ]
                },
                {
                  "values": [
                    false
                  ]
                }
              ],
              "owners": [
                false
              ],
              "product_codes": [],
              "state_reason": {},
              "tags": {}
            }
          },
          {
            "address": "data.aws_ami.kube_worker_ami",
            "mode": "data",
            "type": "aws_ami",
            "name": "kube_worker_ami",
            "provider_name": "registry.terraform.io/hashicorp/aws",
            "schema_version": 0,
            "values": {
              "architecture": "x86_64",
              "arn": "arn:aws:ec2:us-east-1::image/ami-08086ff84658b5773",
              "block_device_mappings": [
                {
                  "device_name": "/dev/sda1",
                  "ebs": {
                    "delete_on_termination": "true",
                    "encrypted": "false",
                    "iops": "0",
                    "snapshot_id": "snap-08b7acba888371a8d",
                    "throughput": "0",
                    "volume_size": "8",
                    "volume_type": "gp2"
                  },
                  "no_device": "",
                  "virtual_name": ""
                },
                {
                  "device_name": "/dev/sdb",
                  "ebs": {},
                  "no_device": "",
                  "virtual_name": "ephemeral0"
                },
                {
                  "device_name": "/dev/sdc",
                  "ebs": {},
                  "no_device": "",
                  "virtual_name": "ephemeral1"
                }
              ],
              "boot_mode": "",
              "creation_date": "2023-03-26T20:55:41.000Z",
              "deprecation_time": "",
              "description": "",
              "ena_support": true,
              "executable_users": null,
              "filter": [
                {
                  "name": "name",
                  "values": [
                    "kube-worker-*"
                  ]
                },
                {
                  "name": "virtualization-type",
                  "values": [
                    "hvm"
                  ]
                }
              ],
              "hypervisor": "xen",
              "id": "ami-08086ff84658b5773",
              "image_id": "ami-08086ff84658b5773",
              "image_location": "685960513651/kube-worker-2023-03-26",
              "image_owner_alias": "",
              "image_type": "machine",
              "imds_support": "",
              "include_deprecated": false,
              "kernel_id": "",
              "most_recent": true,
              "name": "kube-worker-2023-03-26",
              "name_regex": null,
              "owner_id": "685960513651",
              "owners": [
                "self"
              ],
              "platform": "",
              "platform_details": "Linux/UNIX",
              "product_codes": [],
              "public": false,
              "ramdisk_id": "",
              "root_device_name": "/dev/sda1",
              "root_device_type": "ebs",
              "root_snapshot_id": "snap-08b7acba888371a8d",
              "sriov_net_support": "simple",
              "state": "available",
              "state_reason": {
                "code": "UNSET",
                "message": "UNSET"
              },
              "tags": {},
              "timeouts": null,
              "tpm_support": "",
              "usage_operation": "RunInstances",
              "virtualization_type": "hvm"
            },
            "sensitive_values": {
              "block_device_mappings": [
                {
                  "ebs": {}
                },
                {
                  "ebs": {}
                },
                {
                  "ebs": {}
                }
              ],
              "filter": [
                {
                  "values": [
                    false
                  ]
                },
                {
                  "values": [
                    false
                  ]
                }
              ],
              "owners": [
                false
              ],
              "product_codes": [],
              "state_reason": {},
              "tags": {}
            }
          },
          {
            "address": "data.aws_ami.latest_ubuntu",
            "mode": "data",
            "type": "aws_ami",
            "name": "latest_ubuntu",
            "provider_name": "registry.terraform.io/hashicorp/aws",
            "schema_version": 0,
            "values": {
              "architecture": "x86_64",
              "arn": "arn:aws:ec2:us-east-1::image/ami-0c38efb4f5f15205f",
              "block_device_mappings": [
                {
                  "device_name": "/dev/sda1",
                  "ebs": {
                    "delete_on_termination": "true",
                    "encrypted": "false",
                    "iops": "0",
                    "snapshot_id": "snap-07d85e7788079ebfe",
                    "throughput": "0",
                    "volume_size": "8",
                    "volume_type": "gp2"
                  },
                  "no_device": "",
                  "virtual_name": ""
                },
                {
                  "device_name": "/dev/sdb",
                  "ebs": {},
                  "no_device": "",
                  "virtual_name": "ephemeral0"
                },
                {
                  "device_name": "/dev/sdc",
                  "ebs": {},
                  "no_device": "",
                  "virtual_name": "ephemeral1"
                }
              ],
              "boot_mode": "legacy-bios",
              "creation_date": "2023-09-07T04:28:28.000Z",
              "deprecation_time": "2025-09-07T04:28:28.000Z",
              "description": "Canonical, Ubuntu, 22.04 LTS, amd64 jammy image build on 2023-09-07",
              "ena_support": true,
              "executable_users": null,
              "filter": [
                {
                  "name": "name",
                  "values": [
                    "ubuntu/images/hvm-ssd/ubuntu-jammy-22.04-amd64-server-*"
                  ]
                },
                {
                  "name": "virtualization-type",
                  "values": [
                    "hvm"
                  ]
                }
              ],
              "hypervisor": "xen",
              "id": "ami-0c38efb4f5f15205f",
              "image_id": "ami-0c38efb4f5f15205f",
              "image_location": "amazon/ubuntu/images/hvm-ssd/ubuntu-jammy-22.04-amd64-server-20230907",
              "image_owner_alias": "amazon",
              "image_type": "machine",
              "imds_support": "",
              "include_deprecated": false,
              "kernel_id": "",
              "most_recent": true,
              "name": "ubuntu/images/hvm-ssd/ubuntu-jammy-22.04-amd64-server-20230907",
              "name_regex": null,
              "owner_id": "099720109477",
              "owners": [
                "099720109477"
              ],
              "platform": "",
              "platform_details": "Linux/UNIX",
              "product_codes": [],
              "public": true,
              "ramdisk_id": "",
              "root_device_name": "/dev/sda1",
              "root_device_type": "ebs",
              "root_snapshot_id": "snap-07d85e7788079ebfe",
              "sriov_net_support": "simple",
              "state": "available",
              "state_reason": {
                "code": "UNSET",
                "message": "UNSET"
              },
              "tags": {},
              "timeouts": null,
              "tpm_support": "",
              "usage_operation": "RunInstances",
              "virtualization_type": "hvm"
            },
            "sensitive_values": {
              "block_device_mappings": [
                {
                  "ebs": {}
                },
                {
                  "ebs": {}
                },
                {
                  "ebs": {}
                }
              ],
              "filter": [
                {
                  "values": [
                    false
                  ]
                },
                {
                  "values": [
                    false
                  ]
                }
              ],
              "owners": [
                false
              ],
              "product_codes": [],
              "state_reason": {},
              "tags": {}
            }
          },
          {
            "address": "data.external.getmyipv4",
            "mode": "data",
            "type": "external",
            "name": "getmyipv4",
            "provider_name": "registry.terraform.io/hashicorp/external",
            "schema_version": 0,
            "values": {
              "id": "-",
              "program": [
                "sh",
                "-c",
                "echo '{ \"myipv4\": \"'$(curl -S ipv4.icanhazip.com)'/32\" }'"
              ],
              "query": null,
              "result": {
                "myipv4": "138.128.136.167/32"
              },
              "working_dir": null
            },
            "sensitive_values": {
              "program": [
                false,
                false,
                false
              ],
              "result": {}
            }
          },
          {
            "address": "data.external.getmyipv6",
            "mode": "data",
            "type": "external",
            "name": "getmyipv6",
            "provider_name": "registry.terraform.io/hashicorp/external",
            "schema_version": 0,
            "values": {
              "id": "-",
              "program": [
                "sh",
                "-c",
                "echo '{ \"myipv6\": \"'$(curl -S ipv6.icanhazip.com)'/128\" }'"
              ],
              "query": null,
              "result": {
                "myipv6": "2a04:c603:815:1::3/128"
              },
              "working_dir": null
            },
            "sensitive_values": {
              "program": [
                false,
                false,
                false
              ],
              "result": {}
            }
          }
        ]
      }
    }
  },
  "configuration": {
    "provider_config": {
      "aws": {
        "name": "aws",
        "full_name": "registry.terraform.io/hashicorp/aws",
        "version_constraint": "~> 4.0",
        "expressions": {
          "profile": {
            "constant_value": "default"
          },
          "region": {
            "references": [
              "var.aws_region"
            ]
          }
        }
      },
      "external": {
        "name": "external",
        "full_name": "registry.terraform.io/hashicorp/external"
      }
    },
    "root_module": {
      "outputs": {
        "bastion__output": {
          "expression": {
            "constant_value": "============ Bastion output =================="
          }
        },
        "bastion_ipv6": {
          "expression": {
            "references": [
              "module.bastion.bastion_ipv6",
              "module.bastion"
            ]
          }
        },
        "bastion_private_ip": {
          "expression": {
            "references": [
              "module.bastion.bastion_private_ip",
              "module.bastion"
            ]
          }
        },
        "general__output": {
          "expression": {
            "constant_value": "============ General output =================="
          }
        },
        "general_ami_vpc": {
          "expression": {
            "references": [
              "module.network.aws_vpc_id",
              "module.network"
            ]
          }
        },
        "general_ingress_ip_v4": {
          "expression": {
            "references": [
              "local.ingress_ip_v4"
            ]
          }
        },
        "general_ingress_ip_v6": {
          "expression": {
            "references": [
              "local.ingress_ip_v6"
            ]
          }
        },
        "kub__output": {
          "expression": {
            "constant_value": "============ Kub workers output =================="
          }
        },
        "kub_controller_private_ip": {
          "expression": {
            "references": [
              "module.kub-workers.kub_controller_private_ip",
              "module.kub-workers"
            ]
          }
        },
        "kub_worker_private_ip": {
          "expression": {
            "references": [
              "module.kub-workers.kub_worker_private_ip",
              "module.kub-workers"
            ]
          }
        },
        "sn_bastion": {
          "expression": {
            "references": [
              "module.network.sn_bastion",
              "module.network"
            ]
          }
        }
      },
      "resources": [
        {
          "address": "aws_key_pair.terraform_pub_key",
          "mode": "managed",
          "type": "aws_key_pair",
          "name": "terraform_pub_key",
          "provider_config_key": "aws",
          "expressions": {
            "key_name": {
              "constant_value": "aws_terraform"
            },
            "public_key": {
              "references": [
                "var.ssh_pub_key_path"
              ]
            },
            "tags": {
              "references": [
                "var.project_name"
              ]
            }
          },
          "schema_version": 1
        },
        {
          "address": "data.aws_ami.kube_controller_ami",
          "mode": "data",
          "type": "aws_ami",
          "name": "kube_controller_ami",
          "provider_config_key": "aws",
          "expressions": {
            "filter": [
              {
                "name": {
                  "constant_value": "name"
                },
                "values": {
                  "references": [
                    "var.aws_ami_kube_control_images"
                  ]
                }
              },
              {
                "name": {
                  "constant_value": "virtualization-type"
                },
                "values": {
                  "constant_value": [
                    "hvm"
                  ]
                }
              }
            ],
            "most_recent": {
              "constant_value": true
            },
            "owners": {
              "constant_value": [
                "self"
              ]
            }
          },
          "schema_version": 0
        },
        {
          "address": "data.aws_ami.kube_worker_ami",
          "mode": "data",
          "type": "aws_ami",
          "name": "kube_worker_ami",
          "provider_config_key": "aws",
          "expressions": {
            "filter": [
              {
                "name": {
                  "constant_value": "name"
                },
                "values": {
                  "references": [
                    "var.aws_ami_kube_worker_images"
                  ]
                }
              },
              {
                "name": {
                  "constant_value": "virtualization-type"
                },
                "values": {
                  "constant_value": [
                    "hvm"
                  ]
                }
              }
            ],
            "most_recent": {
              "constant_value": true
            },
            "owners": {
              "constant_value": [
                "self"
              ]
            }
          },
          "schema_version": 0
        },
        {
          "address": "data.aws_ami.latest_ubuntu",
          "mode": "data",
          "type": "aws_ami",
          "name": "latest_ubuntu",
          "provider_config_key": "aws",
          "expressions": {
            "filter": [
              {
                "name": {
                  "constant_value": "name"
                },
                "values": {
                  "references": [
                    "var.aws_ami_images"
                  ]
                }
              },
              {
                "name": {
                  "constant_value": "virtualization-type"
                },
                "values": {
                  "constant_value": [
                    "hvm"
                  ]
                }
              }
            ],
            "most_recent": {
              "constant_value": true
            },
            "owners": {
              "references": [
                "var.aws_ami_owners"
              ]
            }
          },
          "schema_version": 0
        },
        {
          "address": "data.external.getmyipv4",
          "mode": "data",
          "type": "external",
          "name": "getmyipv4",
          "provider_config_key": "external",
          "expressions": {
            "program": {
              "constant_value": [
                "sh",
                "-c",
                "echo '{ \"myipv4\": \"'$(curl -S ipv4.icanhazip.com)'/32\" }'"
              ]
            }
          },
          "schema_version": 0
        },
        {
          "address": "data.external.getmyipv6",
          "mode": "data",
          "type": "external",
          "name": "getmyipv6",
          "provider_config_key": "external",
          "expressions": {
            "program": {
              "constant_value": [
                "sh",
                "-c",
                "echo '{ \"myipv6\": \"'$(curl -S ipv6.icanhazip.com)'/128\" }'"
              ]
            }
          },
          "schema_version": 0
        }
      ],
      "module_calls": {
        "bastion": {
          "source": "./modules/bastion",
          "expressions": {
            "aws_subnet_bastion": {
              "references": [
                "module.network.sn_bastion",
                "module.network"
              ]
            },
            "aws_vpc_id": {
              "references": [
                "module.network.aws_vpc_id",
                "module.network"
              ]
            },
            "bastion_disable_api_termination": {
              "references": [
                "var.bastion_disable_api_termination"
              ]
            },
            "bastion_instance_type": {
              "references": [
                "var.bastion_instance_type"
              ]
            },
            "cidr_kube_workers": {
              "references": [
                "var.cidr_kube_workers"
              ]
            },
            "ingress_ip_v4": {
              "references": [
                "local.ingress_ip_v4"
              ]
            },
            "ingress_ip_v6": {
              "references": [
                "local.ingress_ip_v6"
              ]
            },
            "latest_ubuntu_ami": {
              "references": [
                "data.aws_ami.latest_ubuntu.id",
                "data.aws_ami.latest_ubuntu"
              ]
            },
            "project_name": {
              "references": [
                "var.project_name"
              ]
            },
            "sg_kub_workers_id": {
              "references": [
                "module.kub-workers.sg_kub_workers_id",
                "module.kub-workers"
              ]
            },
            "ssh_key": {
              "references": [
                "aws_key_pair.terraform_pub_key.id",
                "aws_key_pair.terraform_pub_key"
              ]
            }
          },
          "module": {
            "outputs": {
              "bastion_ipv6": {
                "expression": {
                  "references": [
                    "aws_instance.bastion.ipv6_addresses",
                    "aws_instance.bastion"
                  ]
                }
              },
              "bastion_private_ip": {
                "expression": {
                  "references": [
                    "aws_instance.bastion.private_ip",
                    "aws_instance.bastion"
                  ]
                }
              },
              "sg_bastion_id": {
                "expression": {
                  "references": [
                    "aws_security_group.sg_bastion.id",
                    "aws_security_group.sg_bastion"
                  ]
                }
              }
            },
            "resources": [
              {
                "address": "aws_eip.bastion",
                "mode": "managed",
                "type": "aws_eip",
                "name": "bastion",
                "provider_config_key": "aws",
                "expressions": {
                  "vpc": {
                    "constant_value": true
                  }
                },
                "schema_version": 0
              },
              {
                "address": "aws_eip_association.bastion",
                "mode": "managed",
                "type": "aws_eip_association",
                "name": "bastion",
                "provider_config_key": "aws",
                "expressions": {
                  "allocation_id": {
                    "references": [
                      "aws_eip.bastion.id",
                      "aws_eip.bastion"
                    ]
                  },
                  "instance_id": {
                    "references": [
                      "aws_instance.bastion.id",
                      "aws_instance.bastion"
                    ]
                  }
                },
                "schema_version": 0
              },
              {
                "address": "aws_instance.bastion",
                "mode": "managed",
                "type": "aws_instance",
                "name": "bastion",
                "provider_config_key": "aws",
                "expressions": {
                  "ami": {
                    "references": [
                      "var.latest_ubuntu_ami"
                    ]
                  },
                  "disable_api_termination": {
                    "references": [
                      "var.bastion_disable_api_termination"
                    ]
                  },
                  "instance_type": {
                    "references": [
                      "var.bastion_instance_type"
                    ]
                  },
                  "ipv6_address_count": {
                    "constant_value": 1
                  },
                  "key_name": {
                    "references": [
                      "var.ssh_key"
                    ]
                  },
                  "subnet_id": {
                    "references": [
                      "var.aws_subnet_bastion"
                    ]
                  },
                  "tags": {
                    "references": [
                      "var.project_name",
                      "var.module_name"
                    ]
                  },
                  "timeouts": {
                    "create": {
                      "constant_value": "15m"
                    },
                    "delete": {
                      "constant_value": "20m"
                    }
                  },
                  "vpc_security_group_ids": {
                    "references": [
                      "aws_security_group.sg_bastion.id",
                      "aws_security_group.sg_bastion"
                    ]
                  }
                },
                "schema_version": 1
              },
              {
                "address": "aws_security_group.sg_bastion",
                "mode": "managed",
                "type": "aws_security_group",
                "name": "sg_bastion",
                "provider_config_key": "aws",
                "expressions": {
                  "description": {
                    "references": [
                      "var.project_name"
                    ]
                  },
                  "name": {
                    "constant_value": "sg_bastion"
                  },
                  "tags": {
                    "references": [
                      "var.project_name",
                      "var.module_name"
                    ]
                  },
                  "vpc_id": {
                    "references": [
                      "var.aws_vpc_id"
                    ]
                  }
                },
                "schema_version": 1
              },
              {
                "address": "aws_vpc_security_group_egress_rule.egress_ipv4_443",
                "mode": "managed",
                "type": "aws_vpc_security_group_egress_rule",
                "name": "egress_ipv4_443",
                "provider_config_key": "aws",
                "expressions": {
                  "cidr_ipv4": {
                    "constant_value": "0.0.0.0/0"
                  },
                  "description": {
                    "constant_value": "egress_ipv4_443"
                  },
                  "from_port": {
                    "constant_value": 443
                  },
                  "ip_protocol": {
                    "constant_value": "tcp"
                  },
                  "security_group_id": {
                    "references": [
                      "aws_security_group.sg_bastion.id",
                      "aws_security_group.sg_bastion"
                    ]
                  },
                  "tags": {
                    "references": [
                      "var.project_name",
                      "var.module_name"
                    ]
                  },
                  "to_port": {
                    "constant_value": 443
                  }
                },
                "schema_version": 0
              },
              {
                "address": "aws_vpc_security_group_egress_rule.egress_ipv4_80",
                "mode": "managed",
                "type": "aws_vpc_security_group_egress_rule",
                "name": "egress_ipv4_80",
                "provider_config_key": "aws",
                "expressions": {
                  "cidr_ipv4": {
                    "constant_value": "0.0.0.0/0"
                  },
                  "description": {
                    "constant_value": "egress_ipv4_80"
                  },
                  "from_port": {
                    "constant_value": 80
                  },
                  "ip_protocol": {
                    "constant_value": "tcp"
                  },
                  "security_group_id": {
                    "references": [
                      "aws_security_group.sg_bastion.id",
                      "aws_security_group.sg_bastion"
                    ]
                  },
                  "tags": {
                    "references": [
                      "var.project_name",
                      "var.module_name"
                    ]
                  },
                  "to_port": {
                    "constant_value": 80
                  }
                },
                "schema_version": 0
              },
              {
                "address": "aws_vpc_security_group_egress_rule.egress_ipv4_icmp",
                "mode": "managed",
                "type": "aws_vpc_security_group_egress_rule",
                "name": "egress_ipv4_icmp",
                "provider_config_key": "aws",
                "expressions": {
                  "cidr_ipv4": {
                    "constant_value": "0.0.0.0/0"
                  },
                  "description": {
                    "constant_value": "egress_ipv4_icmp"
                  },
                  "from_port": {
                    "constant_value": -1
                  },
                  "ip_protocol": {
                    "constant_value": "icmp"
                  },
                  "security_group_id": {
                    "references": [
                      "aws_security_group.sg_bastion.id",
                      "aws_security_group.sg_bastion"
                    ]
                  },
                  "tags": {
                    "references": [
                      "var.project_name",
                      "var.module_name"
                    ]
                  },
                  "to_port": {
                    "constant_value": -1
                  }
                },
                "schema_version": 0
              },
              {
                "address": "aws_vpc_security_group_egress_rule.egress_ipv6_443",
                "mode": "managed",
                "type": "aws_vpc_security_group_egress_rule",
                "name": "egress_ipv6_443",
                "provider_config_key": "aws",
                "expressions": {
                  "cidr_ipv6": {
                    "constant_value": "::/0"
                  },
                  "description": {
                    "constant_value": "egress_ipv6_443"
                  },
                  "from_port": {
                    "constant_value": 443
                  },
                  "ip_protocol": {
                    "constant_value": "tcp"
                  },
                  "security_group_id": {
                    "references": [
                      "aws_security_group.sg_bastion.id",
                      "aws_security_group.sg_bastion"
                    ]
                  },
                  "tags": {
                    "references": [
                      "var.project_name",
                      "var.module_name"
                    ]
                  },
                  "to_port": {
                    "constant_value": 443
                  }
                },
                "schema_version": 0
              },
              {
                "address": "aws_vpc_security_group_egress_rule.egress_ipv6_80",
                "mode": "managed",
                "type": "aws_vpc_security_group_egress_rule",
                "name": "egress_ipv6_80",
                "provider_config_key": "aws",
                "expressions": {
                  "cidr_ipv6": {
                    "constant_value": "::/0"
                  },
                  "description": {
                    "constant_value": "egress_ipv6_80 "
                  },
                  "from_port": {
                    "constant_value": 80
                  },
                  "ip_protocol": {
                    "constant_value": "tcp"
                  },
                  "security_group_id": {
                    "references": [
                      "aws_security_group.sg_bastion.id",
                      "aws_security_group.sg_bastion"
                    ]
                  },
                  "tags": {
                    "references": [
                      "var.project_name",
                      "var.module_name"
                    ]
                  },
                  "to_port": {
                    "constant_value": 80
                  }
                },
                "schema_version": 0
              },
              {
                "address": "aws_vpc_security_group_egress_rule.egress_ipv6_icmp",
                "mode": "managed",
                "type": "aws_vpc_security_group_egress_rule",
                "name": "egress_ipv6_icmp",
                "provider_config_key": "aws",
                "expressions": {
                  "cidr_ipv6": {
                    "constant_value": "::/0"
                  },
                  "description": {
                    "constant_value": "egress_ipv6_icmp"
                  },
                  "from_port": {
                    "constant_value": -1
                  },
                  "ip_protocol": {
                    "constant_value": "icmpv6"
                  },
                  "security_group_id": {
                    "references": [
                      "aws_security_group.sg_bastion.id",
                      "aws_security_group.sg_bastion"
                    ]
                  },
                  "tags": {
                    "references": [
                      "var.project_name",
                      "var.module_name"
                    ]
                  },
                  "to_port": {
                    "constant_value": -1
                  }
                },
                "schema_version": 0
              },
              {
                "address": "aws_vpc_security_group_egress_rule.egress_ssh_kub_sg",
                "mode": "managed",
                "type": "aws_vpc_security_group_egress_rule",
                "name": "egress_ssh_kub_sg",
                "provider_config_key": "aws",
                "expressions": {
                  "description": {
                    "constant_value": "egress_ssh_kub_sg"
                  },
                  "from_port": {
                    "constant_value": 22
                  },
                  "ip_protocol": {
                    "constant_value": "tcp"
                  },
                  "referenced_security_group_id": {
                    "references": [
                      "var.sg_kub_workers_id"
                    ]
                  },
                  "security_group_id": {
                    "references": [
                      "aws_security_group.sg_bastion.id",
                      "aws_security_group.sg_bastion"
                    ]
                  },
                  "tags": {
                    "references": [
                      "var.project_name",
                      "var.module_name"
                    ]
                  },
                  "to_port": {
                    "constant_value": 22
                  }
                },
                "schema_version": 0
              },
              {
                "address": "aws_vpc_security_group_ingress_rule.ingress_ipv4_icmp_client",
                "mode": "managed",
                "type": "aws_vpc_security_group_ingress_rule",
                "name": "ingress_ipv4_icmp_client",
                "provider_config_key": "aws",
                "expressions": {
                  "cidr_ipv4": {
                    "references": [
                      "var.ingress_ip_v4"
                    ]
                  },
                  "description": {
                    "constant_value": "ingress_icmp_client"
                  },
                  "from_port": {
                    "constant_value": -1
                  },
                  "ip_protocol": {
                    "constant_value": "icmp"
                  },
                  "security_group_id": {
                    "references": [
                      "aws_security_group.sg_bastion.id",
                      "aws_security_group.sg_bastion"
                    ]
                  },
                  "tags": {
                    "references": [
                      "var.project_name",
                      "var.module_name"
                    ]
                  },
                  "to_port": {
                    "constant_value": -1
                  }
                },
                "schema_version": 0
              },
              {
                "address": "aws_vpc_security_group_ingress_rule.ingress_ipv4_icmp_kub_sg",
                "mode": "managed",
                "type": "aws_vpc_security_group_ingress_rule",
                "name": "ingress_ipv4_icmp_kub_sg",
                "provider_config_key": "aws",
                "expressions": {
                  "description": {
                    "constant_value": "ingress_icmp_kub_sg"
                  },
                  "from_port": {
                    "constant_value": -1
                  },
                  "ip_protocol": {
                    "constant_value": "icmp"
                  },
                  "referenced_security_group_id": {
                    "references": [
                      "var.sg_kub_workers_id"
                    ]
                  },
                  "security_group_id": {
                    "references": [
                      "aws_security_group.sg_bastion.id",
                      "aws_security_group.sg_bastion"
                    ]
                  },
                  "tags": {
                    "references": [
                      "var.project_name",
                      "var.module_name"
                    ]
                  },
                  "to_port": {
                    "constant_value": -1
                  }
                },
                "schema_version": 0
              },
              {
                "address": "aws_vpc_security_group_ingress_rule.ingress_ipv4_ssh_client",
                "mode": "managed",
                "type": "aws_vpc_security_group_ingress_rule",
                "name": "ingress_ipv4_ssh_client",
                "provider_config_key": "aws",
                "expressions": {
                  "cidr_ipv4": {
                    "references": [
                      "var.ingress_ip_v4"
                    ]
                  },
                  "description": {
                    "constant_value": "SSH from your workstation using IPv6"
                  },
                  "from_port": {
                    "constant_value": 22
                  },
                  "ip_protocol": {
                    "constant_value": "tcp"
                  },
                  "security_group_id": {
                    "references": [
                      "aws_security_group.sg_bastion.id",
                      "aws_security_group.sg_bastion"
                    ]
                  },
                  "tags": {
                    "references": [
                      "var.project_name",
                      "var.module_name"
                    ]
                  },
                  "to_port": {
                    "constant_value": 22
                  }
                },
                "schema_version": 0
              },
              {
                "address": "aws_vpc_security_group_ingress_rule.ingress_ipv6_icmp_client",
                "mode": "managed",
                "type": "aws_vpc_security_group_ingress_rule",
                "name": "ingress_ipv6_icmp_client",
                "provider_config_key": "aws",
                "expressions": {
                  "cidr_ipv6": {
                    "references": [
                      "var.ingress_ip_v6"
                    ]
                  },
                  "description": {
                    "constant_value": "ICMP from your workstation using IPv6"
                  },
                  "from_port": {
                    "constant_value": -1
                  },
                  "ip_protocol": {
                    "constant_value": "icmpv6"
                  },
                  "security_group_id": {
                    "references": [
                      "aws_security_group.sg_bastion.id",
                      "aws_security_group.sg_bastion"
                    ]
                  },
                  "tags": {
                    "references": [
                      "var.project_name",
                      "var.module_name"
                    ]
                  },
                  "to_port": {
                    "constant_value": -1
                  }
                },
                "schema_version": 0
              },
              {
                "address": "aws_vpc_security_group_ingress_rule.ingress_ipv6_ssh_client",
                "mode": "managed",
                "type": "aws_vpc_security_group_ingress_rule",
                "name": "ingress_ipv6_ssh_client",
                "provider_config_key": "aws",
                "expressions": {
                  "cidr_ipv6": {
                    "references": [
                      "var.ingress_ip_v6"
                    ]
                  },
                  "description": {
                    "constant_value": "SSH from your workstation using IPv6"
                  },
                  "from_port": {
                    "constant_value": 22
                  },
                  "ip_protocol": {
                    "constant_value": "tcp"
                  },
                  "security_group_id": {
                    "references": [
                      "aws_security_group.sg_bastion.id",
                      "aws_security_group.sg_bastion"
                    ]
                  },
                  "tags": {
                    "references": [
                      "var.project_name",
                      "var.module_name"
                    ]
                  },
                  "to_port": {
                    "constant_value": 22
                  }
                },
                "schema_version": 0
              },
              {
                "address": "aws_vpc_security_group_ingress_rule.ingress_ssh_kub_sg",
                "mode": "managed",
                "type": "aws_vpc_security_group_ingress_rule",
                "name": "ingress_ssh_kub_sg",
                "provider_config_key": "aws",
                "expressions": {
                  "description": {
                    "constant_value": "SSH from your workstation using IPv4"
                  },
                  "from_port": {
                    "constant_value": 22
                  },
                  "ip_protocol": {
                    "constant_value": "tcp"
                  },
                  "referenced_security_group_id": {
                    "references": [
                      "var.sg_kub_workers_id"
                    ]
                  },
                  "security_group_id": {
                    "references": [
                      "aws_security_group.sg_bastion.id",
                      "aws_security_group.sg_bastion"
                    ]
                  },
                  "tags": {
                    "references": [
                      "var.project_name",
                      "var.module_name"
                    ]
                  },
                  "to_port": {
                    "constant_value": 22
                  }
                },
                "schema_version": 0
              }
            ],
            "variables": {
              "aws_subnet_bastion": {
                "default": ""
              },
              "aws_vpc_id": {
                "default": ""
              },
              "bastion_disable_api_termination": {
                "default": ""
              },
              "bastion_instance_type": {
                "default": ""
              },
              "cidr_kube_workers": {
                "default": ""
              },
              "ingress_ip_v4": {
                "default": ""
              },
              "ingress_ip_v6": {
                "default": ""
              },
              "latest_ubuntu_ami": {
                "default": ""
              },
              "module_name": {
                "default": "cp-bastion"
              },
              "project_name": {
                "default": ""
              },
              "sg_kub_workers_id": {
                "default": ""
              },
              "ssh_key": {
                "default": ""
              }
            }
          }
        },
        "kub-workers": {
          "source": "./modules/kub-workers",
          "expressions": {
            "aws_vpc_id": {
              "references": [
                "module.network.aws_vpc_id",
                "module.network"
              ]
            },
            "kub_worker_instance_type": {
              "references": [
                "var.kub_worker_instance_type"
              ]
            },
            "kube_controller_ami": {
              "references": [
                "data.aws_ami.kube_controller_ami.id",
                "data.aws_ami.kube_controller_ami"
              ]
            },
            "kube_controller_ip": {
              "references": [
                "var.kube_controller_ip"
              ]
            },
            "kube_worker_ami": {
              "references": [
                "data.aws_ami.kube_worker_ami.id",
                "data.aws_ami.kube_worker_ami"
              ]
            },
            "kube_workers_ips": {
              "references": [
                "var.kube_workers_ips"
              ]
            },
            "project_name": {
              "references": [
                "var.project_name"
              ]
            },
            "sg_bastion_id": {
              "references": [
                "module.bastion.sg_bastion_id",
                "module.bastion"
              ]
            },
            "sn_kub_workers": {
              "references": [
                "module.network.sn_kub_workers",
                "module.network"
              ]
            },
            "ssh_key": {
              "references": [
                "aws_key_pair.terraform_pub_key.id",
                "aws_key_pair.terraform_pub_key"
              ]
            }
          },
          "module": {
            "outputs": {
              "kub_controller_private_ip": {
                "expression": {
                  "references": [
                    "aws_instance.kub_controller.private_ip",
                    "aws_instance.kub_controller"
                  ]
                }
              },
              "kub_worker_private_ip": {
                "expression": {
                  "references": [
                    "aws_instance.kub_worker"
                  ]
                }
              },
              "sg_kub_workers_id": {
                "expression": {
                  "references": [
                    "aws_security_group.sg_kub_workers.id",
                    "aws_security_group.sg_kub_workers"
                  ]
                }
              }
            },
            "resources": [
              {
                "address": "aws_instance.kub_controller",
                "mode": "managed",
                "type": "aws_instance",
                "name": "kub_controller",
                "provider_config_key": "aws",
                "expressions": {
                  "ami": {
                    "references": [
                      "var.kube_controller_ami"
                    ]
                  },
                  "instance_type": {
                    "references": [
                      "var.kub_worker_instance_type"
                    ]
                  },
                  "key_name": {
                    "references": [
                      "var.ssh_key"
                    ]
                  },
                  "private_ip": {
                    "references": [
                      "var.kube_controller_ip"
                    ]
                  },
                  "subnet_id": {
                    "references": [
                      "var.sn_kub_workers"
                    ]
                  },
                  "tags": {
                    "constant_value": {
                      "Name": "kub_controller",
                      "Type": "private"
                    }
                  },
                  "timeouts": {
                    "create": {
                      "constant_value": "15m"
                    },
                    "delete": {
                      "constant_value": "20m"
                    }
                  },
                  "vpc_security_group_ids": {
                    "references": [
                      "aws_security_group.sg_kub_workers.id",
                      "aws_security_group.sg_kub_workers"
                    ]
                  }
                },
                "schema_version": 1
              },
              {
                "address": "aws_instance.kub_worker",
                "mode": "managed",
                "type": "aws_instance",
                "name": "kub_worker",
                "provider_config_key": "aws",
                "expressions": {
                  "ami": {
                    "references": [
                      "var.kube_worker_ami"
                    ]
                  },
                  "instance_type": {
                    "references": [
                      "var.kub_worker_instance_type"
                    ]
                  },
                  "key_name": {
                    "references": [
                      "var.ssh_key"
                    ]
                  },
                  "private_ip": {
                    "references": [
                      "var.kube_workers_ips",
                      "count.index"
                    ]
                  },
                  "subnet_id": {
                    "references": [
                      "var.sn_kub_workers"
                    ]
                  },
                  "tags": {
                    "references": [
                      "count.index"
                    ]
                  },
                  "timeouts": {
                    "create": {
                      "constant_value": "15m"
                    },
                    "delete": {
                      "constant_value": "20m"
                    }
                  },
                  "vpc_security_group_ids": {
                    "references": [
                      "aws_security_group.sg_kub_workers.id",
                      "aws_security_group.sg_kub_workers"
                    ]
                  }
                },
                "schema_version": 1,
                "count_expression": {
                  "references": [
                    "var.kube_workers_ips"
                  ]
                }
              },
              {
                "address": "aws_security_group.sg_kub_workers",
                "mode": "managed",
                "type": "aws_security_group",
                "name": "sg_kub_workers",
                "provider_config_key": "aws",
                "expressions": {
                  "description": {
                    "references": [
                      "var.project_name",
                      "var.module_name"
                    ]
                  },
                  "name": {
                    "constant_value": "sg_kub_workers"
                  },
                  "tags": {
                    "references": [
                      "var.project_name",
                      "var.module_name"
                    ]
                  },
                  "vpc_id": {
                    "references": [
                      "var.aws_vpc_id"
                    ]
                  }
                },
                "schema_version": 1
              },
              {
                "address": "aws_vpc_security_group_egress_rule.egress_all_kub_sg",
                "mode": "managed",
                "type": "aws_vpc_security_group_egress_rule",
                "name": "egress_all_kub_sg",
                "provider_config_key": "aws",
                "expressions": {
                  "description": {
                    "constant_value": "egress_all_kub_sg"
                  },
                  "ip_protocol": {
                    "constant_value": "-1"
                  },
                  "referenced_security_group_id": {
                    "references": [
                      "aws_security_group.sg_kub_workers.id",
                      "aws_security_group.sg_kub_workers"
                    ]
                  },
                  "security_group_id": {
                    "references": [
                      "aws_security_group.sg_kub_workers.id",
                      "aws_security_group.sg_kub_workers"
                    ]
                  },
                  "tags": {
                    "references": [
                      "var.project_name",
                      "var.module_name"
                    ]
                  }
                },
                "schema_version": 0
              },
              {
                "address": "aws_vpc_security_group_egress_rule.egress_ipv4_443",
                "mode": "managed",
                "type": "aws_vpc_security_group_egress_rule",
                "name": "egress_ipv4_443",
                "provider_config_key": "aws",
                "expressions": {
                  "cidr_ipv4": {
                    "constant_value": "0.0.0.0/0"
                  },
                  "description": {
                    "constant_value": "egress_ipv4_443"
                  },
                  "from_port": {
                    "constant_value": 443
                  },
                  "ip_protocol": {
                    "constant_value": "tcp"
                  },
                  "security_group_id": {
                    "references": [
                      "aws_security_group.sg_kub_workers.id",
                      "aws_security_group.sg_kub_workers"
                    ]
                  },
                  "tags": {
                    "references": [
                      "var.project_name",
                      "var.module_name"
                    ]
                  },
                  "to_port": {
                    "constant_value": 443
                  }
                },
                "schema_version": 0
              },
              {
                "address": "aws_vpc_security_group_egress_rule.egress_ipv4_80",
                "mode": "managed",
                "type": "aws_vpc_security_group_egress_rule",
                "name": "egress_ipv4_80",
                "provider_config_key": "aws",
                "expressions": {
                  "cidr_ipv4": {
                    "constant_value": "0.0.0.0/0"
                  },
                  "description": {
                    "constant_value": "egress_ipv4_80"
                  },
                  "from_port": {
                    "constant_value": 80
                  },
                  "ip_protocol": {
                    "constant_value": "tcp"
                  },
                  "security_group_id": {
                    "references": [
                      "aws_security_group.sg_kub_workers.id",
                      "aws_security_group.sg_kub_workers"
                    ]
                  },
                  "tags": {
                    "references": [
                      "var.project_name",
                      "var.module_name"
                    ]
                  },
                  "to_port": {
                    "constant_value": 80
                  }
                },
                "schema_version": 0
              },
              {
                "address": "aws_vpc_security_group_egress_rule.egress_ipv4_icmp",
                "mode": "managed",
                "type": "aws_vpc_security_group_egress_rule",
                "name": "egress_ipv4_icmp",
                "provider_config_key": "aws",
                "expressions": {
                  "cidr_ipv4": {
                    "constant_value": "0.0.0.0/0"
                  },
                  "description": {
                    "constant_value": "egress_ipv4_icmp"
                  },
                  "from_port": {
                    "constant_value": -1
                  },
                  "ip_protocol": {
                    "constant_value": "icmp"
                  },
                  "security_group_id": {
                    "references": [
                      "aws_security_group.sg_kub_workers.id",
                      "aws_security_group.sg_kub_workers"
                    ]
                  },
                  "tags": {
                    "references": [
                      "var.project_name",
                      "var.module_name"
                    ]
                  },
                  "to_port": {
                    "constant_value": -1
                  }
                },
                "schema_version": 0
              },
              {
                "address": "aws_vpc_security_group_egress_rule.egress_ipv6_443",
                "mode": "managed",
                "type": "aws_vpc_security_group_egress_rule",
                "name": "egress_ipv6_443",
                "provider_config_key": "aws",
                "expressions": {
                  "cidr_ipv6": {
                    "constant_value": "::/0"
                  },
                  "description": {
                    "constant_value": "egress_ipv6_443"
                  },
                  "from_port": {
                    "constant_value": 443
                  },
                  "ip_protocol": {
                    "constant_value": "tcp"
                  },
                  "security_group_id": {
                    "references": [
                      "aws_security_group.sg_kub_workers.id",
                      "aws_security_group.sg_kub_workers"
                    ]
                  },
                  "tags": {
                    "references": [
                      "var.project_name",
                      "var.module_name"
                    ]
                  },
                  "to_port": {
                    "constant_value": 443
                  }
                },
                "schema_version": 0
              },
              {
                "address": "aws_vpc_security_group_egress_rule.egress_ipv6_80",
                "mode": "managed",
                "type": "aws_vpc_security_group_egress_rule",
                "name": "egress_ipv6_80",
                "provider_config_key": "aws",
                "expressions": {
                  "cidr_ipv6": {
                    "constant_value": "::/0"
                  },
                  "description": {
                    "constant_value": "egress_ipv6_80 "
                  },
                  "from_port": {
                    "constant_value": 80
                  },
                  "ip_protocol": {
                    "constant_value": "tcp"
                  },
                  "security_group_id": {
                    "references": [
                      "aws_security_group.sg_kub_workers.id",
                      "aws_security_group.sg_kub_workers"
                    ]
                  },
                  "tags": {
                    "references": [
                      "var.project_name",
                      "var.module_name"
                    ]
                  },
                  "to_port": {
                    "constant_value": 80
                  }
                },
                "schema_version": 0
              },
              {
                "address": "aws_vpc_security_group_egress_rule.egress_ipv6_icmp",
                "mode": "managed",
                "type": "aws_vpc_security_group_egress_rule",
                "name": "egress_ipv6_icmp",
                "provider_config_key": "aws",
                "expressions": {
                  "cidr_ipv6": {
                    "constant_value": "::/0"
                  },
                  "description": {
                    "constant_value": "egress_ipv6_icmp"
                  },
                  "from_port": {
                    "constant_value": -1
                  },
                  "ip_protocol": {
                    "constant_value": "icmpv6"
                  },
                  "security_group_id": {
                    "references": [
                      "aws_security_group.sg_kub_workers.id",
                      "aws_security_group.sg_kub_workers"
                    ]
                  },
                  "tags": {
                    "references": [
                      "var.project_name",
                      "var.module_name"
                    ]
                  },
                  "to_port": {
                    "constant_value": -1
                  }
                },
                "schema_version": 0
              },
              {
                "address": "aws_vpc_security_group_ingress_rule.ingress_all_kub_sg",
                "mode": "managed",
                "type": "aws_vpc_security_group_ingress_rule",
                "name": "ingress_all_kub_sg",
                "provider_config_key": "aws",
                "expressions": {
                  "description": {
                    "constant_value": "ingress_all_kub_sg"
                  },
                  "ip_protocol": {
                    "constant_value": -1
                  },
                  "referenced_security_group_id": {
                    "references": [
                      "aws_security_group.sg_kub_workers.id",
                      "aws_security_group.sg_kub_workers"
                    ]
                  },
                  "security_group_id": {
                    "references": [
                      "aws_security_group.sg_kub_workers.id",
                      "aws_security_group.sg_kub_workers"
                    ]
                  },
                  "tags": {
                    "references": [
                      "var.project_name",
                      "var.module_name"
                    ]
                  }
                },
                "schema_version": 0
              },
              {
                "address": "aws_vpc_security_group_ingress_rule.ingress_icmp_bastion_sg",
                "mode": "managed",
                "type": "aws_vpc_security_group_ingress_rule",
                "name": "ingress_icmp_bastion_sg",
                "provider_config_key": "aws",
                "expressions": {
                  "description": {
                    "constant_value": "ingress_icmp_bastion_sg"
                  },
                  "from_port": {
                    "constant_value": -1
                  },
                  "ip_protocol": {
                    "constant_value": "icmp"
                  },
                  "referenced_security_group_id": {
                    "references": [
                      "var.sg_bastion_id"
                    ]
                  },
                  "security_group_id": {
                    "references": [
                      "aws_security_group.sg_kub_workers.id",
                      "aws_security_group.sg_kub_workers"
                    ]
                  },
                  "tags": {
                    "references": [
                      "var.project_name",
                      "var.module_name"
                    ]
                  },
                  "to_port": {
                    "constant_value": -1
                  }
                },
                "schema_version": 0
              },
              {
                "address": "aws_vpc_security_group_ingress_rule.ingress_ssh_bastion_sg",
                "mode": "managed",
                "type": "aws_vpc_security_group_ingress_rule",
                "name": "ingress_ssh_bastion_sg",
                "provider_config_key": "aws",
                "expressions": {
                  "description": {
                    "constant_value": "ingress_ssh_bastion_sg"
                  },
                  "from_port": {
                    "constant_value": 22
                  },
                  "ip_protocol": {
                    "constant_value": "tcp"
                  },
                  "referenced_security_group_id": {
                    "references": [
                      "var.sg_bastion_id"
                    ]
                  },
                  "security_group_id": {
                    "references": [
                      "aws_security_group.sg_kub_workers.id",
                      "aws_security_group.sg_kub_workers"
                    ]
                  },
                  "tags": {
                    "references": [
                      "var.project_name",
                      "var.module_name"
                    ]
                  },
                  "to_port": {
                    "constant_value": 22
                  }
                },
                "schema_version": 0
              }
            ],
            "variables": {
              "aws_vpc_id": {
                "default": ""
              },
              "kub_worker_instance_type": {
                "default": ""
              },
              "kube_controller_ami": {
                "default": ""
              },
              "kube_controller_ip": {
                "default": ""
              },
              "kube_worker_ami": {
                "default": ""
              },
              "kube_workers_ips": {},
              "latest_ubuntu_ami": {
                "default": ""
              },
              "module_name": {
                "default": "kub-workers"
              },
              "project_name": {
                "default": ""
              },
              "sg_bastion_id": {
                "default": ""
              },
              "sn_kub_workers": {
                "default": ""
              },
              "ssh_key": {
                "default": ""
              }
            }
          }
        },
        "network": {
          "source": "./modules/network",
          "expressions": {
            "aws_az_1": {
              "references": [
                "var.aws_az_1"
              ]
            },
            "cidr_bastion": {
              "references": [
                "var.cidr_bastion"
              ]
            },
            "cidr_kube_workers": {
              "references": [
                "var.cidr_kube_workers"
              ]
            },
            "ingress_ip_v4": {
              "references": [
                "local.ingress_ip_v4"
              ]
            },
            "ingress_ip_v6": {
              "references": [
                "local.ingress_ip_v6"
              ]
            },
            "project_name": {
              "references": [
                "var.project_name"
              ]
            },
            "vpc_cidr": {
              "references": [
                "var.vpc_cidr"
              ]
            }
          },
          "module": {
            "outputs": {
              "aws_internet_gateway": {
                "expression": {
                  "references": [
                    "aws_internet_gateway.internet_gateway.id",
                    "aws_internet_gateway.internet_gateway"
                  ]
                }
              },
              "aws_vpc_id": {
                "expression": {
                  "references": [
                    "aws_vpc.kubernetes.id",
                    "aws_vpc.kubernetes"
                  ]
                }
              },
              "ipv6_cidr_block": {
                "expression": {
                  "references": [
                    "aws_vpc.kubernetes.assign_generated_ipv6_cidr_block",
                    "aws_vpc.kubernetes"
                  ]
                }
              },
              "sn_bastion": {
                "expression": {
                  "references": [
                    "aws_subnet.sn_bastion.id",
                    "aws_subnet.sn_bastion"
                  ]
                }
              },
              "sn_kub_workers": {
                "expression": {
                  "references": [
                    "aws_subnet.sn_kub_workers.id",
                    "aws_subnet.sn_kub_workers"
                  ]
                }
              }
            },
            "resources": [
              {
                "address": "aws_default_security_group.default",
                "mode": "managed",
                "type": "aws_default_security_group",
                "name": "default",
                "provider_config_key": "aws",
                "expressions": {
                  "tags": {
                    "references": [
                      "var.project_name"
                    ]
                  },
                  "vpc_id": {
                    "references": [
                      "aws_vpc.kubernetes.id",
                      "aws_vpc.kubernetes"
                    ]
                  }
                },
                "schema_version": 1
              },
              {
                "address": "aws_egress_only_internet_gateway.eigw_ipv6",
                "mode": "managed",
                "type": "aws_egress_only_internet_gateway",
                "name": "eigw_ipv6",
                "provider_config_key": "aws",
                "expressions": {
                  "tags": {
                    "references": [
                      "var.project_name"
                    ]
                  },
                  "vpc_id": {
                    "references": [
                      "aws_vpc.kubernetes.id",
                      "aws_vpc.kubernetes"
                    ]
                  }
                },
                "schema_version": 0
              },
              {
                "address": "aws_eip.sn_nat_eip",
                "mode": "managed",
                "type": "aws_eip",
                "name": "sn_nat_eip",
                "provider_config_key": "aws",
                "expressions": {
                  "vpc": {
                    "constant_value": true
                  }
                },
                "schema_version": 0
              },
              {
                "address": "aws_internet_gateway.internet_gateway",
                "mode": "managed",
                "type": "aws_internet_gateway",
                "name": "internet_gateway",
                "provider_config_key": "aws",
                "expressions": {
                  "tags": {
                    "references": [
                      "var.project_name"
                    ]
                  },
                  "vpc_id": {
                    "references": [
                      "aws_vpc.kubernetes.id",
                      "aws_vpc.kubernetes"
                    ]
                  }
                },
                "schema_version": 0
              },
              {
                "address": "aws_nat_gateway.sn_nat_gw",
                "mode": "managed",
                "type": "aws_nat_gateway",
                "name": "sn_nat_gw",
                "provider_config_key": "aws",
                "expressions": {
                  "allocation_id": {
                    "references": [
                      "aws_eip.sn_nat_eip.id",
                      "aws_eip.sn_nat_eip"
                    ]
                  },
                  "subnet_id": {
                    "references": [
                      "aws_subnet.sn_bastion.id",
                      "aws_subnet.sn_bastion"
                    ]
                  },
                  "tags": {
                    "references": [
                      "var.project_name"
                    ]
                  }
                },
                "schema_version": 0
              },
              {
                "address": "aws_network_acl.bastion",
                "mode": "managed",
                "type": "aws_network_acl",
                "name": "bastion",
                "provider_config_key": "aws",
                "expressions": {
                  "egress": {
                    "constant_value": [
                      {
                        "action": "allow",
                        "cidr_block": "0.0.0.0/0",
                        "from_port": 0,
                        "icmp_code": -1,
                        "icmp_type": -1,
                        "ipv6_cidr_block": null,
                        "protocol": "icmp",
                        "rule_no": 100,
                        "to_port": 0
                      },
                      {
                        "action": "allow",
                        "cidr_block": null,
                        "from_port": 0,
                        "icmp_code": -1,
                        "icmp_type": -1,
                        "ipv6_cidr_block": "::/0",
                        "protocol": "ipv6-icmp",
                        "rule_no": 110,
                        "to_port": 0
                      },
                      {
                        "action": "allow",
                        "cidr_block": "0.0.0.0/0",
                        "from_port": 22,
                        "icmp_code": null,
                        "icmp_type": null,
                        "ipv6_cidr_block": null,
                        "protocol": "tcp",
                        "rule_no": 120,
                        "to_port": 22
                      },
                      {
                        "action": "allow",
                        "cidr_block": null,
                        "from_port": 22,
                        "icmp_code": null,
                        "icmp_type": null,
                        "ipv6_cidr_block": "::/0",
                        "protocol": "tcp",
                        "rule_no": 130,
                        "to_port": 22
                      },
                      {
                        "action": "allow",
                        "cidr_block": "0.0.0.0/0",
                        "from_port": 80,
                        "icmp_code": null,
                        "icmp_type": null,
                        "ipv6_cidr_block": null,
                        "protocol": "tcp",
                        "rule_no": 140,
                        "to_port": 80
                      },
                      {
                        "action": "allow",
                        "cidr_block": null,
                        "from_port": 80,
                        "icmp_code": null,
                        "icmp_type": null,
                        "ipv6_cidr_block": "::/0",
                        "protocol": "tcp",
                        "rule_no": 150,
                        "to_port": 80
                      },
                      {
                        "action": "allow",
                        "cidr_block": "0.0.0.0/0",
                        "from_port": 1024,
                        "icmp_code": null,
                        "icmp_type": null,
                        "ipv6_cidr_block": null,
                        "protocol": "tcp",
                        "rule_no": 160,
                        "to_port": 65535
                      },
                      {
                        "action": "allow",
                        "cidr_block": null,
                        "from_port": 1024,
                        "icmp_code": null,
                        "icmp_type": null,
                        "ipv6_cidr_block": "::/0",
                        "protocol": "tcp",
                        "rule_no": 170,
                        "to_port": 65535
                      }
                    ]
                  },
                  "ingress": {
                    "references": [
                      "var.ingress_ip_v6",
                      "var.ingress_ip_v4",
                      "var.cidr_kube_workers",
                      "var.cidr_kube_workers"
                    ]
                  },
                  "tags": {
                    "references": [
                      "var.project_name"
                    ]
                  },
                  "vpc_id": {
                    "references": [
                      "aws_vpc.kubernetes.id",
                      "aws_vpc.kubernetes"
                    ]
                  }
                },
                "schema_version": 0
              },
              {
                "address": "aws_network_acl.kub_workers",
                "mode": "managed",
                "type": "aws_network_acl",
                "name": "kub_workers",
                "provider_config_key": "aws",
                "expressions": {
                  "egress": {
                    "constant_value": [
                      {
                        "action": "allow",
                        "cidr_block": "0.0.0.0/0",
                        "from_port": 0,
                        "icmp_code": -1,
                        "icmp_type": -1,
                        "ipv6_cidr_block": null,
                        "protocol": "icmp",
                        "rule_no": 200,
                        "to_port": 0
                      },
                      {
                        "action": "allow",
                        "cidr_block": null,
                        "from_port": 0,
                        "icmp_code": -1,
                        "icmp_type": -1,
                        "ipv6_cidr_block": "::/0",
                        "protocol": "ipv6-icmp",
                        "rule_no": 210,
                        "to_port": 0
                      },
                      {
                        "action": "allow",
                        "cidr_block": "0.0.0.0/0",
                        "from_port": 80,
                        "icmp_code": null,
                        "icmp_type": null,
                        "ipv6_cidr_block": null,
                        "protocol": "tcp",
                        "rule_no": 220,
                        "to_port": 80
                      },
                      {
                        "action": "allow",
                        "cidr_block": null,
                        "from_port": 80,
                        "icmp_code": null,
                        "icmp_type": null,
                        "ipv6_cidr_block": "::/0",
                        "protocol": "tcp",
                        "rule_no": 230,
                        "to_port": 80
                      },
                      {
                        "action": "allow",
                        "cidr_block": "0.0.0.0/0",
                        "from_port": 1024,
                        "icmp_code": null,
                        "icmp_type": null,
                        "ipv6_cidr_block": null,
                        "protocol": "tcp",
                        "rule_no": 240,
                        "to_port": 65535
                      },
                      {
                        "action": "allow",
                        "cidr_block": null,
                        "from_port": 1024,
                        "icmp_code": null,
                        "icmp_type": null,
                        "ipv6_cidr_block": "::/0",
                        "protocol": "tcp",
                        "rule_no": 250,
                        "to_port": 65535
                      }
                    ]
                  },
                  "ingress": {
                    "references": [
                      "var.cidr_bastion",
                      "var.cidr_bastion"
                    ]
                  },
                  "tags": {
                    "references": [
                      "var.project_name"
                    ]
                  },
                  "vpc_id": {
                    "references": [
                      "aws_vpc.kubernetes.id",
                      "aws_vpc.kubernetes"
                    ]
                  }
                },
                "schema_version": 0
              },
              {
                "address": "aws_network_acl_association.bastion",
                "mode": "managed",
                "type": "aws_network_acl_association",
                "name": "bastion",
                "provider_config_key": "aws",
                "expressions": {
                  "network_acl_id": {
                    "references": [
                      "aws_network_acl.bastion.id",
                      "aws_network_acl.bastion"
                    ]
                  },
                  "subnet_id": {
                    "references": [
                      "aws_subnet.sn_bastion.id",
                      "aws_subnet.sn_bastion"
                    ]
                  }
                },
                "schema_version": 0
              },
              {
                "address": "aws_network_acl_association.kub_workers",
                "mode": "managed",
                "type": "aws_network_acl_association",
                "name": "kub_workers",
                "provider_config_key": "aws",
                "expressions": {
                  "network_acl_id": {
                    "references": [
                      "aws_network_acl.kub_workers.id",
                      "aws_network_acl.kub_workers"
                    ]
                  },
                  "subnet_id": {
                    "references": [
                      "aws_subnet.sn_kub_workers.id",
                      "aws_subnet.sn_kub_workers"
                    ]
                  }
                },
                "schema_version": 0
              },
              {
                "address": "aws_route.kub_to_eigw",
                "mode": "managed",
                "type": "aws_route",
                "name": "kub_to_eigw",
                "provider_config_key": "aws",
                "expressions": {
                  "destination_ipv6_cidr_block": {
                    "constant_value": "::/0"
                  },
                  "egress_only_gateway_id": {
                    "references": [
                      "aws_egress_only_internet_gateway.eigw_ipv6.id",
                      "aws_egress_only_internet_gateway.eigw_ipv6"
                    ]
                  },
                  "route_table_id": {
                    "references": [
                      "aws_route_table.to_eigw_and_nat.id",
                      "aws_route_table.to_eigw_and_nat"
                    ]
                  }
                },
                "schema_version": 0
              },
              {
                "address": "aws_route.to_nat",
                "mode": "managed",
                "type": "aws_route",
                "name": "to_nat",
                "provider_config_key": "aws",
                "expressions": {
                  "destination_cidr_block": {
                    "constant_value": "0.0.0.0/0"
                  },
                  "nat_gateway_id": {
                    "references": [
                      "aws_nat_gateway.sn_nat_gw.id",
                      "aws_nat_gateway.sn_nat_gw"
                    ]
                  },
                  "route_table_id": {
                    "references": [
                      "aws_route_table.to_eigw_and_nat.id",
                      "aws_route_table.to_eigw_and_nat"
                    ]
                  }
                },
                "schema_version": 0
              },
              {
                "address": "aws_route_table.public_rt",
                "mode": "managed",
                "type": "aws_route_table",
                "name": "public_rt",
                "provider_config_key": "aws",
                "expressions": {
                  "route": {
                    "references": [
                      "aws_internet_gateway.internet_gateway.id",
                      "aws_internet_gateway.internet_gateway",
                      "aws_internet_gateway.internet_gateway.id",
                      "aws_internet_gateway.internet_gateway"
                    ]
                  },
                  "tags": {
                    "references": [
                      "var.project_name"
                    ]
                  },
                  "vpc_id": {
                    "references": [
                      "aws_vpc.kubernetes.id",
                      "aws_vpc.kubernetes"
                    ]
                  }
                },
                "schema_version": 0
              },
              {
                "address": "aws_route_table.to_eigw_and_nat",
                "mode": "managed",
                "type": "aws_route_table",
                "name": "to_eigw_and_nat",
                "provider_config_key": "aws",
                "expressions": {
                  "tags": {
                    "references": [
                      "var.project_name"
                    ]
                  },
                  "vpc_id": {
                    "references": [
                      "aws_vpc.kubernetes.id",
                      "aws_vpc.kubernetes"
                    ]
                  }
                },
                "schema_version": 0
              },
              {
                "address": "aws_route_table_association.kube_workers",
                "mode": "managed",
                "type": "aws_route_table_association",
                "name": "kube_workers",
                "provider_config_key": "aws",
                "expressions": {
                  "route_table_id": {
                    "references": [
                      "aws_route_table.to_eigw_and_nat.id",
                      "aws_route_table.to_eigw_and_nat"
                    ]
                  },
                  "subnet_id": {
                    "references": [
                      "aws_subnet.sn_kub_workers.id",
                      "aws_subnet.sn_kub_workers"
                    ]
                  }
                },
                "schema_version": 0
              },
              {
                "address": "aws_route_table_association.public_rta",
                "mode": "managed",
                "type": "aws_route_table_association",
                "name": "public_rta",
                "provider_config_key": "aws",
                "expressions": {
                  "route_table_id": {
                    "references": [
                      "aws_route_table.public_rt.id",
                      "aws_route_table.public_rt"
                    ]
                  },
                  "subnet_id": {
                    "references": [
                      "aws_subnet.sn_bastion.id",
                      "aws_subnet.sn_bastion"
                    ]
                  }
                },
                "schema_version": 0
              },
              {
                "address": "aws_subnet.sn_bastion",
                "mode": "managed",
                "type": "aws_subnet",
                "name": "sn_bastion",
                "provider_config_key": "aws",
                "expressions": {
                  "assign_ipv6_address_on_creation": {
                    "constant_value": true
                  },
                  "availability_zone": {
                    "references": [
                      "var.aws_az_1"
                    ]
                  },
                  "cidr_block": {
                    "references": [
                      "var.cidr_bastion"
                    ]
                  },
                  "ipv6_cidr_block": {
                    "references": [
                      "aws_vpc.kubernetes.ipv6_cidr_block",
                      "aws_vpc.kubernetes"
                    ]
                  },
                  "map_public_ip_on_launch": {
                    "constant_value": false
                  },
                  "tags": {
                    "references": [
                      "var.project_name"
                    ]
                  },
                  "vpc_id": {
                    "references": [
                      "aws_vpc.kubernetes.id",
                      "aws_vpc.kubernetes"
                    ]
                  }
                },
                "schema_version": 1
              },
              {
                "address": "aws_subnet.sn_kub_workers",
                "mode": "managed",
                "type": "aws_subnet",
                "name": "sn_kub_workers",
                "provider_config_key": "aws",
                "expressions": {
                  "assign_ipv6_address_on_creation": {
                    "constant_value": true
                  },
                  "availability_zone": {
                    "references": [
                      "var.aws_az_1"
                    ]
                  },
                  "cidr_block": {
                    "references": [
                      "var.cidr_kube_workers"
                    ]
                  },
                  "ipv6_cidr_block": {
                    "references": [
                      "aws_vpc.kubernetes.ipv6_cidr_block",
                      "aws_vpc.kubernetes"
                    ]
                  },
                  "map_public_ip_on_launch": {
                    "constant_value": false
                  },
                  "tags": {
                    "references": [
                      "var.project_name"
                    ]
                  },
                  "vpc_id": {
                    "references": [
                      "aws_vpc.kubernetes.id",
                      "aws_vpc.kubernetes"
                    ]
                  }
                },
                "schema_version": 1
              },
              {
                "address": "aws_vpc.kubernetes",
                "mode": "managed",
                "type": "aws_vpc",
                "name": "kubernetes",
                "provider_config_key": "aws",
                "expressions": {
                  "assign_generated_ipv6_cidr_block": {
                    "constant_value": true
                  },
                  "cidr_block": {
                    "references": [
                      "var.vpc_cidr"
                    ]
                  },
                  "tags": {
                    "references": [
                      "var.project_name"
                    ]
                  }
                },
                "schema_version": 1
              }
            ],
            "variables": {
              "aws_az_1": {
                "default": ""
              },
              "cidr_bastion": {
                "default": ""
              },
              "cidr_kube_workers": {
                "default": ""
              },
              "ingress_ip_v4": {
                "default": ""
              },
              "ingress_ip_v6": {
                "default": ""
              },
              "module_name": {
                "default": "bastion"
              },
              "project_name": {
                "default": ""
              },
              "region": {
                "default": ""
              },
              "vpc_cidr": {
                "default": ""
              }
            }
          }
        }
      },
      "variables": {
        "aws_ami_images": {
          "default": [
            "ubuntu/images/hvm-ssd/ubuntu-jammy-22.04-amd64-server-*"
          ],
          "description": "This is the AMI image used for building the bastion host"
        },
        "aws_ami_kube_control_images": {
          "default": [
            "kube-control-*"
          ],
          "description": "This is the AMI image used for building the kube_control host"
        },
        "aws_ami_kube_worker_images": {
          "default": [
            "kube-worker-*"
          ],
          "description": "This is the AMI image used for building the kube_worker hosts"
        },
        "aws_ami_owners": {
          "default": [
            "099720109477"
          ],
          "description": "This is the owner account id for Ubuntu to tell Amazon where to pull the base image from to build the bastion host"
        },
        "aws_az_1": {
          "default": "us-east-1b",
          "description": "AWS Availability to launch servers."
        },
        "aws_region": {
          "default": "us-east-1",
          "description": "AWS region to launch services."
        },
        "bastion_disable_api_termination": {
          "default": "false"
        },
        "bastion_instance_type": {
          "default": "t2.micro"
        },
        "cidr_bastion": {
          "default": "10.0.3.0/28",
          "description": "CIDR for bastion subnet"
        },
        "cidr_kube_workers": {
          "default": "10.0.5.0/24",
          "description": "CIDR for Kube Workers subnet"
        },
        "kub_worker_instance_type": {
          "default": "t2.medium",
          "description": "Kube workers instance type"
        },
        "kube_controller_ip": {
          "default": "10.0.5.10",
          "description": "This is the IP of the kube controller"
        },
        "kube_workers_ips": {
          "default": {
            "0": "10.0.5.102",
            "1": "10.0.5.103"
          },
          "description": "This will determine how many workers are created."
        },
        "project_name": {
          "default": "aws-kube-sandbox",
          "description": "Project Name is used for tags and naming of services"
        },
        "ssh_pub_key_path": {
          "default": "~/.ssh/id_rsa.pub",
          "description": "Public Key to be added to images to ssh into"
        },
        "vpc_cidr": {
          "default": "10.0.0.0/16",
          "description": "CIDR for VPC"
        },
        "vpc_ipv6_netmask_length": {
          "default": "56"
        }
      }
    }
  },
  "relevant_attributes": [
    {
      "resource": "module.network.aws_vpc.kubernetes",
      "attribute": [
        "ipv6_cidr_block"
      ]
    },
    {
      "resource": "module.network.aws_internet_gateway.internet_gateway",
      "attribute": [
        "id"
      ]
    },
    {
      "resource": "module.network.aws_vpc.kubernetes",
      "attribute": [
        "assign_generated_ipv6_cidr_block"
      ]
    },
    {
      "resource": "module.network.aws_vpc.kubernetes",
      "attribute": [
        "id"
      ]
    },
    {
      "resource": "module.network.aws_route_table.to_eigw_and_nat",
      "attribute": [
        "id"
      ]
    },
    {
      "resource": "module.network.aws_subnet.sn_kub_workers",
      "attribute": [
        "id"
      ]
    },
    {
      "resource": "module.bastion.aws_instance.bastion",
      "attribute": [
        "ipv6_addresses"
      ]
    },
    {
      "resource": "data.aws_ami.latest_ubuntu",
      "attribute": [
        "id"
      ]
    },
    {
      "resource": "data.aws_ami.kube_controller_ami",
      "attribute": [
        "id"
      ]
    },
    {
      "resource": "module.network.aws_egress_only_internet_gateway.eigw_ipv6",
      "attribute": [
        "id"
      ]
    },
    {
      "resource": "module.bastion.aws_security_group.sg_bastion",
      "attribute": [
        "id"
      ]
    },
    {
      "resource": "module.kub-workers.aws_security_group.sg_kub_workers",
      "attribute": [
        "id"
      ]
    },
    {
      "resource": "module.network.aws_network_acl.bastion",
      "attribute": [
        "id"
      ]
    },
    {
      "resource": "module.bastion.aws_instance.bastion",
      "attribute": [
        "private_ip"
      ]
    },
    {
      "resource": "module.network.aws_subnet.sn_bastion",
      "attribute": [
        "id"
      ]
    },
    {
      "resource": "module.network.aws_network_acl.kub_workers",
      "attribute": [
        "id"
      ]
    },
    {
      "resource": "data.external.getmyipv4",
      "attribute": [
        "result",
        "myipv4"
      ]
    },
    {
      "resource": "module.network.aws_nat_gateway.sn_nat_gw",
      "attribute": [
        "id"
      ]
    },
    {
      "resource": "module.bastion.aws_instance.bastion",
      "attribute": [
        "id"
      ]
    },
    {
      "resource": "data.external.getmyipv6",
      "attribute": [
        "result",
        "myipv6"
      ]
    },
    {
      "resource": "module.kub-workers.aws_instance.kub_worker",
      "attribute": []
    },
    {
      "resource": "aws_key_pair.terraform_pub_key",
      "attribute": [
        "id"
      ]
    },
    {
      "resource": "data.aws_ami.kube_worker_ami",
      "attribute": [
        "id"
      ]
    },
    {
      "resource": "module.network.aws_eip.sn_nat_eip",
      "attribute": [
        "id"
      ]
    },
    {
      "resource": "module.bastion.aws_eip.bastion",
      "attribute": [
        "id"
      ]
    },
    {
      "resource": "module.kub-workers.aws_instance.kub_controller",
      "attribute": [
        "private_ip"
      ]
    },
    {
      "resource": "module.network.aws_route_table.public_rt",
      "attribute": [
        "id"
      ]
    }
  ],
  "timestamp": "2023-09-10T15:49:51Z"
}
